// !$*UTF8*$!
{
	archiveVersion = 1;
	classes = {
	};
	objectVersion = 48;
	objects = {

/* Begin PBXBuildFile section */
		CAEC73AA1F813C29004D6F0B /* AppDelegate.swift in Sources */ = {isa = PBXBuildFile; fileRef = CAEC73A91F813C29004D6F0B /* AppDelegate.swift */; };
		CAEC73AC1F813C29004D6F0B /* ViewController.swift in Sources */ = {isa = PBXBuildFile; fileRef = CAEC73AB1F813C29004D6F0B /* ViewController.swift */; };
		CAEC73AF1F813C29004D6F0B /* Main.storyboard in Resources */ = {isa = PBXBuildFile; fileRef = CAEC73AD1F813C29004D6F0B /* Main.storyboard */; };
		CAEC73B11F813C29004D6F0B /* Assets.xcassets in Resources */ = {isa = PBXBuildFile; fileRef = CAEC73B01F813C29004D6F0B /* Assets.xcassets */; };
		CAEC73B41F813C29004D6F0B /* LaunchScreen.storyboard in Resources */ = {isa = PBXBuildFile; fileRef = CAEC73B21F813C29004D6F0B /* LaunchScreen.storyboard */; };
		CAEC73BF1F813C29004D6F0B /* TakeFlightTests.swift in Sources */ = {isa = PBXBuildFile; fileRef = CAEC73BE1F813C29004D6F0B /* TakeFlightTests.swift */; };
		CAEC73CA1F813C2A004D6F0B /* TakeFlightUITests.swift in Sources */ = {isa = PBXBuildFile; fileRef = CAEC73C91F813C2A004D6F0B /* TakeFlightUITests.swift */; };
/* End PBXBuildFile section */

/* Begin PBXContainerItemProxy section */
		CAEC73BB1F813C29004D6F0B /* PBXContainerItemProxy */ = {
			isa = PBXContainerItemProxy;
			containerPortal = CAEC739E1F813C29004D6F0B /* Project object */;
			proxyType = 1;
			remoteGlobalIDString = CAEC73A51F813C29004D6F0B;
			remoteInfo = TakeFlight;
		};
		CAEC73C61F813C2A004D6F0B /* PBXContainerItemProxy */ = {
			isa = PBXContainerItemProxy;
			containerPortal = CAEC739E1F813C29004D6F0B /* Project object */;
			proxyType = 1;
			remoteGlobalIDString = CAEC73A51F813C29004D6F0B;
			remoteInfo = TakeFlight;
		};
/* End PBXContainerItemProxy section */

/* Begin PBXFileReference section */
		CAEC73A61F813C29004D6F0B /* TakeFlight.app */ = {isa = PBXFileReference; explicitFileType = wrapper.application; includeInIndex = 0; path = TakeFlight.app; sourceTree = BUILT_PRODUCTS_DIR; };
		CAEC73A91F813C29004D6F0B /* AppDelegate.swift */ = {isa = PBXFileReference; lastKnownFileType = sourcecode.swift; path = AppDelegate.swift; sourceTree = "<group>"; };
		CAEC73AB1F813C29004D6F0B /* ViewController.swift */ = {isa = PBXFileReference; lastKnownFileType = sourcecode.swift; path = ViewController.swift; sourceTree = "<group>"; };
		CAEC73AE1F813C29004D6F0B /* Base */ = {isa = PBXFileReference; lastKnownFileType = file.storyboard; name = Base; path = Base.lproj/Main.storyboard; sourceTree = "<group>"; };
		CAEC73B01F813C29004D6F0B /* Assets.xcassets */ = {isa = PBXFileReference; lastKnownFileType = folder.assetcatalog; path = Assets.xcassets; sourceTree = "<group>"; };
		CAEC73B31F813C29004D6F0B /* Base */ = {isa = PBXFileReference; lastKnownFileType = file.storyboard; name = Base; path = Base.lproj/LaunchScreen.storyboard; sourceTree = "<group>"; };
		CAEC73B51F813C29004D6F0B /* Info.plist */ = {isa = PBXFileReference; lastKnownFileType = text.plist.xml; path = Info.plist; sourceTree = "<group>"; };
		CAEC73BA1F813C29004D6F0B /* TakeFlightTests.xctest */ = {isa = PBXFileReference; explicitFileType = wrapper.cfbundle; includeInIndex = 0; path = TakeFlightTests.xctest; sourceTree = BUILT_PRODUCTS_DIR; };
		CAEC73BE1F813C29004D6F0B /* TakeFlightTests.swift */ = {isa = PBXFileReference; lastKnownFileType = sourcecode.swift; path = TakeFlightTests.swift; sourceTree = "<group>"; };
		CAEC73C01F813C29004D6F0B /* Info.plist */ = {isa = PBXFileReference; lastKnownFileType = text.plist.xml; path = Info.plist; sourceTree = "<group>"; };
		CAEC73C51F813C2A004D6F0B /* TakeFlightUITests.xctest */ = {isa = PBXFileReference; explicitFileType = wrapper.cfbundle; includeInIndex = 0; path = TakeFlightUITests.xctest; sourceTree = BUILT_PRODUCTS_DIR; };
		CAEC73C91F813C2A004D6F0B /* TakeFlightUITests.swift */ = {isa = PBXFileReference; lastKnownFileType = sourcecode.swift; path = TakeFlightUITests.swift; sourceTree = "<group>"; };
		CAEC73CB1F813C2A004D6F0B /* Info.plist */ = {isa = PBXFileReference; lastKnownFileType = text.plist.xml; path = Info.plist; sourceTree = "<group>"; };
/* End PBXFileReference section */

/* Begin PBXFrameworksBuildPhase section */
		CAEC73A31F813C29004D6F0B /* Frameworks */ = {
			isa = PBXFrameworksBuildPhase;
			buildActionMask = 2147483647;
			files = (
			);
			runOnlyForDeploymentPostprocessing = 0;
		};
		CAEC73B71F813C29004D6F0B /* Frameworks */ = {
			isa = PBXFrameworksBuildPhase;
			buildActionMask = 2147483647;
			files = (
			);
			runOnlyForDeploymentPostprocessing = 0;
		};
		CAEC73C21F813C2A004D6F0B /* Frameworks */ = {
			isa = PBXFrameworksBuildPhase;
			buildActionMask = 2147483647;
			files = (
			);
			runOnlyForDeploymentPostprocessing = 0;
		};
/* End PBXFrameworksBuildPhase section */

/* Begin PBXGroup section */
		CAEC739D1F813C29004D6F0B = {
			isa = PBXGroup;
			children = (
				CAEC73A81F813C29004D6F0B /* TakeFlight */,
				CAEC73BD1F813C29004D6F0B /* TakeFlightTests */,
				CAEC73C81F813C2A004D6F0B /* TakeFlightUITests */,
				CAEC73A71F813C29004D6F0B /* Products */,
			);
			sourceTree = "<group>";
		};
		CAEC73A71F813C29004D6F0B /* Products */ = {
			isa = PBXGroup;
			children = (
				CAEC73A61F813C29004D6F0B /* TakeFlight.app */,
				CAEC73BA1F813C29004D6F0B /* TakeFlightTests.xctest */,
				CAEC73C51F813C2A004D6F0B /* TakeFlightUITests.xctest */,
			);
			name = Products;
			sourceTree = "<group>";
		};
		CAEC73A81F813C29004D6F0B /* TakeFlight */ = {
			isa = PBXGroup;
			children = (
				CAEC73A91F813C29004D6F0B /* AppDelegate.swift */,
				CAEC73AB1F813C29004D6F0B /* ViewController.swift */,
				CAEC73AD1F813C29004D6F0B /* Main.storyboard */,
				CAEC73B01F813C29004D6F0B /* Assets.xcassets */,
				CAEC73B21F813C29004D6F0B /* LaunchScreen.storyboard */,
				CAEC73B51F813C29004D6F0B /* Info.plist */,
			);
			path = TakeFlight;
			sourceTree = "<group>";
		};
		CAEC73BD1F813C29004D6F0B /* TakeFlightTests */ = {
			isa = PBXGroup;
			children = (
				CAEC73BE1F813C29004D6F0B /* TakeFlightTests.swift */,
				CAEC73C01F813C29004D6F0B /* Info.plist */,
			);
			path = TakeFlightTests;
			sourceTree = "<group>";
		};
		CAEC73C81F813C2A004D6F0B /* TakeFlightUITests */ = {
			isa = PBXGroup;
			children = (
				CAEC73C91F813C2A004D6F0B /* TakeFlightUITests.swift */,
				CAEC73CB1F813C2A004D6F0B /* Info.plist */,
			);
			path = TakeFlightUITests;
			sourceTree = "<group>";
		};
/* End PBXGroup section */

/* Begin PBXNativeTarget section */
		CAEC73A51F813C29004D6F0B /* TakeFlight */ = {
			isa = PBXNativeTarget;
			buildConfigurationList = CAEC73CE1F813C2A004D6F0B /* Build configuration list for PBXNativeTarget "TakeFlight" */;
			buildPhases = (
				CAEC73A21F813C29004D6F0B /* Sources */,
				CAEC73A31F813C29004D6F0B /* Frameworks */,
				CAEC73A41F813C29004D6F0B /* Resources */,
			);
			buildRules = (
			);
			dependencies = (
			);
			name = TakeFlight;
			productName = TakeFlight;
			productReference = CAEC73A61F813C29004D6F0B /* TakeFlight.app */;
			productType = "com.apple.product-type.application";
		};
		CAEC73B91F813C29004D6F0B /* TakeFlightTests */ = {
			isa = PBXNativeTarget;
			buildConfigurationList = CAEC73D11F813C2A004D6F0B /* Build configuration list for PBXNativeTarget "TakeFlightTests" */;
			buildPhases = (
				CAEC73B61F813C29004D6F0B /* Sources */,
				CAEC73B71F813C29004D6F0B /* Frameworks */,
				CAEC73B81F813C29004D6F0B /* Resources */,
			);
			buildRules = (
			);
			dependencies = (
				CAEC73BC1F813C29004D6F0B /* PBXTargetDependency */,
			);
			name = TakeFlightTests;
			productName = TakeFlightTests;
			productReference = CAEC73BA1F813C29004D6F0B /* TakeFlightTests.xctest */;
			productType = "com.apple.product-type.bundle.unit-test";
		};
		CAEC73C41F813C2A004D6F0B /* TakeFlightUITests */ = {
			isa = PBXNativeTarget;
			buildConfigurationList = CAEC73D41F813C2A004D6F0B /* Build configuration list for PBXNativeTarget "TakeFlightUITests" */;
			buildPhases = (
				CAEC73C11F813C2A004D6F0B /* Sources */,
				CAEC73C21F813C2A004D6F0B /* Frameworks */,
				CAEC73C31F813C2A004D6F0B /* Resources */,
			);
			buildRules = (
			);
			dependencies = (
				CAEC73C71F813C2A004D6F0B /* PBXTargetDependency */,
			);
			name = TakeFlightUITests;
			productName = TakeFlightUITests;
			productReference = CAEC73C51F813C2A004D6F0B /* TakeFlightUITests.xctest */;
			productType = "com.apple.product-type.bundle.ui-testing";
		};
/* End PBXNativeTarget section */

/* Begin PBXProject section */
		CAEC739E1F813C29004D6F0B /* Project object */ = {
			isa = PBXProject;
			attributes = {
				LastSwiftUpdateCheck = 0900;
				LastUpgradeCheck = 0900;
				ORGANIZATIONNAME = "Justin Erickson";
				TargetAttributes = {
					CAEC73A51F813C29004D6F0B = {
						CreatedOnToolsVersion = 9.0;
						ProvisioningStyle = Automatic;
					};
					CAEC73B91F813C29004D6F0B = {
						CreatedOnToolsVersion = 9.0;
						ProvisioningStyle = Automatic;
						TestTargetID = CAEC73A51F813C29004D6F0B;
					};
					CAEC73C41F813C2A004D6F0B = {
						CreatedOnToolsVersion = 9.0;
						ProvisioningStyle = Automatic;
						TestTargetID = CAEC73A51F813C29004D6F0B;
					};
				};
			};
			buildConfigurationList = CAEC73A11F813C29004D6F0B /* Build configuration list for PBXProject "TakeFlight" */;
			compatibilityVersion = "Xcode 8.0";
			developmentRegion = en;
			hasScannedForEncodings = 0;
			knownRegions = (
				en,
				Base,
			);
			mainGroup = CAEC739D1F813C29004D6F0B;
			productRefGroup = CAEC73A71F813C29004D6F0B /* Products */;
			projectDirPath = "";
			projectRoot = "";
			targets = (
				CAEC73A51F813C29004D6F0B /* TakeFlight */,
				CAEC73B91F813C29004D6F0B /* TakeFlightTests */,
				CAEC73C41F813C2A004D6F0B /* TakeFlightUITests */,
			);
		};
/* End PBXProject section */

/* Begin PBXResourcesBuildPhase section */
		CAEC73A41F813C29004D6F0B /* Resources */ = {
			isa = PBXResourcesBuildPhase;
			buildActionMask = 2147483647;
			files = (
				CAEC73B41F813C29004D6F0B /* LaunchScreen.storyboard in Resources */,
				CAEC73B11F813C29004D6F0B /* Assets.xcassets in Resources */,
				CAEC73AF1F813C29004D6F0B /* Main.storyboard in Resources */,
			);
			runOnlyForDeploymentPostprocessing = 0;
		};
		CAEC73B81F813C29004D6F0B /* Resources */ = {
			isa = PBXResourcesBuildPhase;
			buildActionMask = 2147483647;
			files = (
			);
			runOnlyForDeploymentPostprocessing = 0;
		};
		CAEC73C31F813C2A004D6F0B /* Resources */ = {
			isa = PBXResourcesBuildPhase;
			buildActionMask = 2147483647;
			files = (
			);
			runOnlyForDeploymentPostprocessing = 0;
		};
/* End PBXResourcesBuildPhase section */

/* Begin PBXSourcesBuildPhase section */
		CAEC73A21F813C29004D6F0B /* Sources */ = {
			isa = PBXSourcesBuildPhase;
			buildActionMask = 2147483647;
			files = (
				CAEC73AC1F813C29004D6F0B /* ViewController.swift in Sources */,
				CAEC73AA1F813C29004D6F0B /* AppDelegate.swift in Sources */,
			);
			runOnlyForDeploymentPostprocessing = 0;
		};
		CAEC73B61F813C29004D6F0B /* Sources */ = {
			isa = PBXSourcesBuildPhase;
			buildActionMask = 2147483647;
			files = (
				CAEC73BF1F813C29004D6F0B /* TakeFlightTests.swift in Sources */,
			);
			runOnlyForDeploymentPostprocessing = 0;
		};
		CAEC73C11F813C2A004D6F0B /* Sources */ = {
			isa = PBXSourcesBuildPhase;
			buildActionMask = 2147483647;
			files = (
				CAEC73CA1F813C2A004D6F0B /* TakeFlightUITests.swift in Sources */,
			);
			runOnlyForDeploymentPostprocessing = 0;
		};
/* End PBXSourcesBuildPhase section */

/* Begin PBXTargetDependency section */
		CAEC73BC1F813C29004D6F0B /* PBXTargetDependency */ = {
			isa = PBXTargetDependency;
			target = CAEC73A51F813C29004D6F0B /* TakeFlight */;
			targetProxy = CAEC73BB1F813C29004D6F0B /* PBXContainerItemProxy */;
		};
		CAEC73C71F813C2A004D6F0B /* PBXTargetDependency */ = {
			isa = PBXTargetDependency;
			target = CAEC73A51F813C29004D6F0B /* TakeFlight */;
			targetProxy = CAEC73C61F813C2A004D6F0B /* PBXContainerItemProxy */;
		};
/* End PBXTargetDependency section */

/* Begin PBXVariantGroup section */
		CAEC73AD1F813C29004D6F0B /* Main.storyboard */ = {
			isa = PBXVariantGroup;
			children = (
				CAEC73AE1F813C29004D6F0B /* Base */,
			);
			name = Main.storyboard;
			sourceTree = "<group>";
		};
		CAEC73B21F813C29004D6F0B /* LaunchScreen.storyboard */ = {
			isa = PBXVariantGroup;
			children = (
				CAEC73B31F813C29004D6F0B /* Base */,
			);
			name = LaunchScreen.storyboard;
			sourceTree = "<group>";
		};
/* End PBXVariantGroup section */

/* Begin XCBuildConfiguration section */
		CAEC73CC1F813C2A004D6F0B /* Debug */ = {
			isa = XCBuildConfiguration;
			buildSettings = {
				ALWAYS_SEARCH_USER_PATHS = NO;
				CLANG_ANALYZER_NONNULL = YES;
				CLANG_ANALYZER_NUMBER_OBJECT_CONVERSION = YES_AGGRESSIVE;
				CLANG_CXX_LANGUAGE_STANDARD = "gnu++14";
				CLANG_CXX_LIBRARY = "libc++";
				CLANG_ENABLE_MODULES = YES;
				CLANG_ENABLE_OBJC_ARC = YES;
				CLANG_WARN_BLOCK_CAPTURE_AUTORELEASING = YES;
				CLANG_WARN_BOOL_CONVERSION = YES;
				CLANG_WARN_COMMA = YES;
				CLANG_WARN_CONSTANT_CONVERSION = YES;
				CLANG_WARN_DIRECT_OBJC_ISA_USAGE = YES_ERROR;
				CLANG_WARN_DOCUMENTATION_COMMENTS = YES;
				CLANG_WARN_EMPTY_BODY = YES;
				CLANG_WARN_ENUM_CONVERSION = YES;
				CLANG_WARN_INFINITE_RECURSION = YES;
				CLANG_WARN_INT_CONVERSION = YES;
				CLANG_WARN_NON_LITERAL_NULL_CONVERSION = YES;
				CLANG_WARN_OBJC_LITERAL_CONVERSION = YES;
				CLANG_WARN_OBJC_ROOT_CLASS = YES_ERROR;
				CLANG_WARN_RANGE_LOOP_ANALYSIS = YES;
				CLANG_WARN_STRICT_PROTOTYPES = YES;
				CLANG_WARN_SUSPICIOUS_MOVE = YES;
				CLANG_WARN_UNGUARDED_AVAILABILITY = YES_AGGRESSIVE;
				CLANG_WARN_UNREACHABLE_CODE = YES;
				CLANG_WARN__DUPLICATE_METHOD_MATCH = YES;
				CODE_SIGN_IDENTITY = "iPhone Developer";
				COPY_PHASE_STRIP = NO;
				DEBUG_INFORMATION_FORMAT = dwarf;
				ENABLE_STRICT_OBJC_MSGSEND = YES;
				ENABLE_TESTABILITY = YES;
				GCC_C_LANGUAGE_STANDARD = gnu11;
				GCC_DYNAMIC_NO_PIC = NO;
				GCC_NO_COMMON_BLOCKS = YES;
				GCC_OPTIMIZATION_LEVEL = 0;
				GCC_PREPROCESSOR_DEFINITIONS = (
					"DEBUG=1",
					"$(inherited)",
				);
				GCC_WARN_64_TO_32_BIT_CONVERSION = YES;
				GCC_WARN_ABOUT_RETURN_TYPE = YES_ERROR;
				GCC_WARN_UNDECLARED_SELECTOR = YES;
				GCC_WARN_UNINITIALIZED_AUTOS = YES_AGGRESSIVE;
				GCC_WARN_UNUSED_FUNCTION = YES;
				GCC_WARN_UNUSED_VARIABLE = YES;
				IPHONEOS_DEPLOYMENT_TARGET = 11.0;
				MTL_ENABLE_DEBUG_INFO = YES;
				ONLY_ACTIVE_ARCH = YES;
				SDKROOT = iphoneos;
				SWIFT_ACTIVE_COMPILATION_CONDITIONS = DEBUG;
				SWIFT_OPTIMIZATION_LEVEL = "-Onone";
			};
			name = Debug;
		};
		CAEC73CD1F813C2A004D6F0B /* Release */ = {
			isa = XCBuildConfiguration;
			buildSettings = {
				ALWAYS_SEARCH_USER_PATHS = NO;
				CLANG_ANALYZER_NONNULL = YES;
				CLANG_ANALYZER_NUMBER_OBJECT_CONVERSION = YES_AGGRESSIVE;
				CLANG_CXX_LANGUAGE_STANDARD = "gnu++14";
				CLANG_CXX_LIBRARY = "libc++";
				CLANG_ENABLE_MODULES = YES;
				CLANG_ENABLE_OBJC_ARC = YES;
				CLANG_WARN_BLOCK_CAPTURE_AUTORELEASING = YES;
				CLANG_WARN_BOOL_CONVERSION = YES;
				CLANG_WARN_COMMA = YES;
				CLANG_WARN_CONSTANT_CONVERSION = YES;
				CLANG_WARN_DIRECT_OBJC_ISA_USAGE = YES_ERROR;
				CLANG_WARN_DOCUMENTATION_COMMENTS = YES;
				CLANG_WARN_EMPTY_BODY = YES;
				CLANG_WARN_ENUM_CONVERSION = YES;
				CLANG_WARN_INFINITE_RECURSION = YES;
				CLANG_WARN_INT_CONVERSION = YES;
				CLANG_WARN_NON_LITERAL_NULL_CONVERSION = YES;
				CLANG_WARN_OBJC_LITERAL_CONVERSION = YES;
				CLANG_WARN_OBJC_ROOT_CLASS = YES_ERROR;
				CLANG_WARN_RANGE_LOOP_ANALYSIS = YES;
				CLANG_WARN_STRICT_PROTOTYPES = YES;
				CLANG_WARN_SUSPICIOUS_MOVE = YES;
				CLANG_WARN_UNGUARDED_AVAILABILITY = YES_AGGRESSIVE;
				CLANG_WARN_UNREACHABLE_CODE = YES;
				CLANG_WARN__DUPLICATE_METHOD_MATCH = YES;
				CODE_SIGN_IDENTITY = "iPhone Developer";
				COPY_PHASE_STRIP = NO;
				DEBUG_INFORMATION_FORMAT = "dwarf-with-dsym";
				ENABLE_NS_ASSERTIONS = NO;
				ENABLE_STRICT_OBJC_MSGSEND = YES;
				GCC_C_LANGUAGE_STANDARD = gnu11;
				GCC_NO_COMMON_BLOCKS = YES;
				GCC_WARN_64_TO_32_BIT_CONVERSION = YES;
				GCC_WARN_ABOUT_RETURN_TYPE = YES_ERROR;
				GCC_WARN_UNDECLARED_SELECTOR = YES;
				GCC_WARN_UNINITIALIZED_AUTOS = YES_AGGRESSIVE;
				GCC_WARN_UNUSED_FUNCTION = YES;
				GCC_WARN_UNUSED_VARIABLE = YES;
				IPHONEOS_DEPLOYMENT_TARGET = 11.0;
				MTL_ENABLE_DEBUG_INFO = NO;
				SDKROOT = iphoneos;
				SWIFT_OPTIMIZATION_LEVEL = "-Owholemodule";
				VALIDATE_PRODUCT = YES;
			};
			name = Release;
		};
		CAEC73CF1F813C2A004D6F0B /* Debug */ = {
			isa = XCBuildConfiguration;
			buildSettings = {
				ASSETCATALOG_COMPILER_APPICON_NAME = AppIcon;
				CODE_SIGN_STYLE = Automatic;
				DEVELOPMENT_TEAM = LCHZAHJK5X;
				INFOPLIST_FILE = TakeFlight/Info.plist;
				LD_RUNPATH_SEARCH_PATHS = "$(inherited) @executable_path/Frameworks";
				PRODUCT_BUNDLE_IDENTIFIER = com.JustinErickson.TakeFlight;
				PRODUCT_NAME = "$(TARGET_NAME)";
				SWIFT_VERSION = 4.0;
				TARGETED_DEVICE_FAMILY = "1,2";
			};
			name = Debug;
		};
		CAEC73D01F813C2A004D6F0B /* Release */ = {
			isa = XCBuildConfiguration;
			buildSettings = {
				ASSETCATALOG_COMPILER_APPICON_NAME = AppIcon;
				CODE_SIGN_STYLE = Automatic;
				DEVELOPMENT_TEAM = LCHZAHJK5X;
				INFOPLIST_FILE = TakeFlight/Info.plist;
				LD_RUNPATH_SEARCH_PATHS = "$(inherited) @executable_path/Frameworks";
				PRODUCT_BUNDLE_IDENTIFIER = com.JustinErickson.TakeFlight;
				PRODUCT_NAME = "$(TARGET_NAME)";
				SWIFT_VERSION = 4.0;
				TARGETED_DEVICE_FAMILY = "1,2";
			};
			name = Release;
		};
		CAEC73D21F813C2A004D6F0B /* Debug */ = {
			isa = XCBuildConfiguration;
			buildSettings = {
				ALWAYS_EMBED_SWIFT_STANDARD_LIBRARIES = YES;
				BUNDLE_LOADER = "$(TEST_HOST)";
				CODE_SIGN_STYLE = Automatic;
				DEVELOPMENT_TEAM = LCHZAHJK5X;
				INFOPLIST_FILE = TakeFlightTests/Info.plist;
				LD_RUNPATH_SEARCH_PATHS = "$(inherited) @executable_path/Frameworks @loader_path/Frameworks";
				PRODUCT_BUNDLE_IDENTIFIER = com.JustinErickson.TakeFlightTests;
				PRODUCT_NAME = "$(TARGET_NAME)";
				SWIFT_VERSION = 4.0;
				TARGETED_DEVICE_FAMILY = "1,2";
				TEST_HOST = "$(BUILT_PRODUCTS_DIR)/TakeFlight.app/TakeFlight";
			};
			name = Debug;
		};
		CAEC73D31F813C2A004D6F0B /* Release */ = {
			isa = XCBuildConfiguration;
			buildSettings = {
				ALWAYS_EMBED_SWIFT_STANDARD_LIBRARIES = YES;
				BUNDLE_LOADER = "$(TEST_HOST)";
				CODE_SIGN_STYLE = Automatic;
				DEVELOPMENT_TEAM = LCHZAHJK5X;
				INFOPLIST_FILE = TakeFlightTests/Info.plist;
				LD_RUNPATH_SEARCH_PATHS = "$(inherited) @executable_path/Frameworks @loader_path/Frameworks";
				PRODUCT_BUNDLE_IDENTIFIER = com.JustinErickson.TakeFlightTests;
				PRODUCT_NAME = "$(TARGET_NAME)";
				SWIFT_VERSION = 4.0;
				TARGETED_DEVICE_FAMILY = "1,2";
				TEST_HOST = "$(BUILT_PRODUCTS_DIR)/TakeFlight.app/TakeFlight";
			};
			name = Release;
		};
		CAEC73D51F813C2A004D6F0B /* Debug */ = {
			isa = XCBuildConfiguration;
			buildSettings = {
				ALWAYS_EMBED_SWIFT_STANDARD_LIBRARIES = YES;
				CODE_SIGN_STYLE = Automatic;
				DEVELOPMENT_TEAM = LCHZAHJK5X;
				INFOPLIST_FILE = TakeFlightUITests/Info.plist;
				LD_RUNPATH_SEARCH_PATHS = "$(inherited) @executable_path/Frameworks @loader_path/Frameworks";
				PRODUCT_BUNDLE_IDENTIFIER = com.JustinErickson.TakeFlightUITests;
				PRODUCT_NAME = "$(TARGET_NAME)";
				SWIFT_VERSION = 4.0;
				TARGETED_DEVICE_FAMILY = "1,2";
				TEST_TARGET_NAME = TakeFlight;
			};
			name = Debug;
		};
		CAEC73D61F813C2A004D6F0B /* Release */ = {
			isa = XCBuildConfiguration;
			buildSettings = {
				ALWAYS_EMBED_SWIFT_STANDARD_LIBRARIES = YES;
				CODE_SIGN_STYLE = Automatic;
				DEVELOPMENT_TEAM = LCHZAHJK5X;
				INFOPLIST_FILE = TakeFlightUITests/Info.plist;
				LD_RUNPATH_SEARCH_PATHS = "$(inherited) @executable_path/Frameworks @loader_path/Frameworks";
				PRODUCT_BUNDLE_IDENTIFIER = com.JustinErickson.TakeFlightUITests;
				PRODUCT_NAME = "$(TARGET_NAME)";
				SWIFT_VERSION = 4.0;
				TARGETED_DEVICE_FAMILY = "1,2";
				TEST_TARGET_NAME = TakeFlight;
			};
			name = Release;
		};
/* End XCBuildConfiguration section */

/* Begin XCConfigurationList section */
		CAEC73A11F813C29004D6F0B /* Build configuration list for PBXProject "TakeFlight" */ = {
			isa = XCConfigurationList;
			buildConfigurations = (
				CAEC73CC1F813C2A004D6F0B /* Debug */,
				CAEC73CD1F813C2A004D6F0B /* Release */,
			);
			defaultConfigurationIsVisible = 0;
			defaultConfigurationName = Release;
		};
		CAEC73CE1F813C2A004D6F0B /* Build configuration list for PBXNativeTarget "TakeFlight" */ = {
			isa = XCConfigurationList;
			buildConfigurations = (
				CAEC73CF1F813C2A004D6F0B /* Debug */,
				CAEC73D01F813C2A004D6F0B /* Release */,
			);
			defaultConfigurationIsVisible = 0;
			defaultConfigurationName = Release;
		};
		CAEC73D11F813C2A004D6F0B /* Build configuration list for PBXNativeTarget "TakeFlightTests" */ = {
			isa = XCConfigurationList;
			buildConfigurations = (
				CAEC73D21F813C2A004D6F0B /* Debug */,
				CAEC73D31F813C2A004D6F0B /* Release */,
			);
			defaultConfigurationIsVisible = 0;
			defaultConfigurationName = Release;
		};
		CAEC73D41F813C2A004D6F0B /* Build configuration list for PBXNativeTarget "TakeFlightUITests" */ = {
			isa = XCConfigurationList;
			buildConfigurations = (
				CAEC73D51F813C2A004D6F0B /* Debug */,
				CAEC73D61F813C2A004D6F0B /* Release */,
			);
			defaultConfigurationIsVisible = 0;
			defaultConfigurationName = Release;
		};
/* End XCConfigurationList section */
	};
	rootObject = CAEC739E1F813C29004D6F0B /* Project object */;
}
