// !$*UTF8*$!
{
	archiveVersion = 1;
	classes = {
	};
	objectVersion = 48;
	objects = {

/* Begin PBXBuildFile section */
		58537D1DCEA65DD268A4666B /* Pods_TakeFlightUITests.framework in Frameworks */ = {isa = PBXBuildFile; fileRef = 955C8FECD5270A6EC65FC55D /* Pods_TakeFlightUITests.framework */; };
		5EC349B0BBE2F6B536A70966 /* Pods_TakeFlight.framework in Frameworks */ = {isa = PBXBuildFile; fileRef = E1CD68BDBB2978CC87E5D867 /* Pods_TakeFlight.framework */; };
		ABBA88BADDAB4EC602AE5126 /* Pods_TakeFlightTests.framework in Frameworks */ = {isa = PBXBuildFile; fileRef = 962EB3CAD75C4C9C854C85D2 /* Pods_TakeFlightTests.framework */; };
		CA18454B1FD8667E003B56C6 /* TooltipView.swift in Sources */ = {isa = PBXBuildFile; fileRef = CA18454A1FD8667E003B56C6 /* TooltipView.swift */; };
		CA18454D1FD86D3B003B56C6 /* CGFloat+Lerp.swift in Sources */ = {isa = PBXBuildFile; fileRef = CA18454C1FD86D3B003B56C6 /* CGFloat+Lerp.swift */; };
		CA18454F1FD89AAD003B56C6 /* DateAndTimeZone.swift in Sources */ = {isa = PBXBuildFile; fileRef = CA18454E1FD89AAD003B56C6 /* DateAndTimeZone.swift */; };
		CA27ED9E1FBD1885005AC65B /* InstaFlightRequest.swift in Sources */ = {isa = PBXBuildFile; fileRef = CA27ED9D1FBD1885005AC65B /* InstaFlightRequest.swift */; };
		CA27EDA41FBD1F18005AC65B /* InstaFlightResponse.swift in Sources */ = {isa = PBXBuildFile; fileRef = CA27EDA31FBD1F18005AC65B /* InstaFlightResponse.swift */; };
		CA27EDA61FBD218D005AC65B /* IFLink.swift in Sources */ = {isa = PBXBuildFile; fileRef = CA27EDA51FBD218D005AC65B /* IFLink.swift */; };
		CA29AA1B1F9D6A5E0047B2F1 /* SearchVCDelegate.swift in Sources */ = {isa = PBXBuildFile; fileRef = CA29AA1A1F9D6A5E0047B2F1 /* SearchVCDelegate.swift */; };
		CA3290171F9D2E650083EED7 /* MonthSectionHeaderView.swift in Sources */ = {isa = PBXBuildFile; fileRef = CA3290161F9D2E650083EED7 /* MonthSectionHeaderView.swift */; };
		CA32901B1F9D5B650083EED7 /* Date+Strings.swift in Sources */ = {isa = PBXBuildFile; fileRef = CA32901A1F9D5B650083EED7 /* Date+Strings.swift */; };
		CA53248A1FD8BF67002ABBC3 /* PillButton.swift in Sources */ = {isa = PBXBuildFile; fileRef = CA5324891FD8BF67002ABBC3 /* PillButton.swift */; };
		CA5328231FE7571D00867E35 /* FlightDataTableViewHeaderView.swift in Sources */ = {isa = PBXBuildFile; fileRef = CA5328221FE7571D00867E35 /* FlightDataTableViewHeaderView.swift */; };
		CA55C0F01FE99163008990C8 /* OutlineButton.swift in Sources */ = {isa = PBXBuildFile; fileRef = CA55C0EF1FE99163008990C8 /* OutlineButton.swift */; };
		CA55C0F31FE99965008990C8 /* LoggedInStatusView.swift in Sources */ = {isa = PBXBuildFile; fileRef = CA55C0F21FE99965008990C8 /* LoggedInStatusView.swift */; };
		CA55C0F51FE99F2D008990C8 /* LoggedInStatusViewDelegate.swift in Sources */ = {isa = PBXBuildFile; fileRef = CA55C0F41FE99F2D008990C8 /* LoggedInStatusViewDelegate.swift */; };
		CA55C0F91FE9C974008990C8 /* LoginVC.swift in Sources */ = {isa = PBXBuildFile; fileRef = CA55C0F81FE9C974008990C8 /* LoginVC.swift */; };
		CA55C0FB1FE9C985008990C8 /* SignupVC.swift in Sources */ = {isa = PBXBuildFile; fileRef = CA55C0FA1FE9C985008990C8 /* SignupVC.swift */; };
		CA5B598C1FE83BE800B08A9D /* ProfileImageView.swift in Sources */ = {isa = PBXBuildFile; fileRef = CA5B598B1FE83BE800B08A9D /* ProfileImageView.swift */; };
		CA5B598E1FE85A3400B08A9D /* MyFlightsView.swift in Sources */ = {isa = PBXBuildFile; fileRef = CA5B598D1FE85A3400B08A9D /* MyFlightsView.swift */; };
		CA5B59901FE85C1500B08A9D /* TicketScrollView.swift in Sources */ = {isa = PBXBuildFile; fileRef = CA5B598F1FE85C1500B08A9D /* TicketScrollView.swift */; };
		CA5B59921FE8608100B08A9D /* TicketView.swift in Sources */ = {isa = PBXBuildFile; fileRef = CA5B59911FE8608100B08A9D /* TicketView.swift */; };
		CA6655F51FDF4E5E00918502 /* LineView.swift in Sources */ = {isa = PBXBuildFile; fileRef = CA6655F41FDF4E5E00918502 /* LineView.swift */; };
		CA7C3A201FBA42FF00E4CD40 /* FlightDetailsVC.swift in Sources */ = {isa = PBXBuildFile; fileRef = CA7C3A1F1FBA42FF00E4CD40 /* FlightDetailsVC.swift */; };
		CA825CD81F93A8BB006871B2 /* DatePickerVC.swift in Sources */ = {isa = PBXBuildFile; fileRef = CA825CD71F93A8BB006871B2 /* DatePickerVC.swift */; };
		CA825CDA1F93A954006871B2 /* DatePickerCell.swift in Sources */ = {isa = PBXBuildFile; fileRef = CA825CD91F93A954006871B2 /* DatePickerCell.swift */; };
		CA825CDD1F93BFBF006871B2 /* FirebaseDataService.swift in Sources */ = {isa = PBXBuildFile; fileRef = CA825CDC1F93BFBF006871B2 /* FirebaseDataService.swift */; };
		CA85590B1FE747D800E72913 /* ExploreVC.swift in Sources */ = {isa = PBXBuildFile; fileRef = CA85590A1FE747D800E72913 /* ExploreVC.swift */; };
		CA85590D1FE747EA00E72913 /* ProfileVC.swift in Sources */ = {isa = PBXBuildFile; fileRef = CA85590C1FE747EA00E72913 /* ProfileVC.swift */; };
		CA882F821FD4C78300D2E8F3 /* Open_Sans in Resources */ = {isa = PBXBuildFile; fileRef = CA882F811FD4C78200D2E8F3 /* Open_Sans */; };
		CA8923D21F93F5F50091968B /* Airport.swift in Sources */ = {isa = PBXBuildFile; fileRef = CA8923D11F93F5F50091968B /* Airport.swift */; };
		CA8A2D1C1FAE498F00C8D5E0 /* OneWayFlightDataCell.swift in Sources */ = {isa = PBXBuildFile; fileRef = CA8A2D1A1FAE498F00C8D5E0 /* OneWayFlightDataCell.swift */; };
		CA8A2D1D1FAE498F00C8D5E0 /* OneWayFlightDataCell.xib in Resources */ = {isa = PBXBuildFile; fileRef = CA8A2D1B1FAE498F00C8D5E0 /* OneWayFlightDataCell.xib */; };
		CA8A2D1F1FAE4CA700C8D5E0 /* SearchType.swift in Sources */ = {isa = PBXBuildFile; fileRef = CA8A2D1E1FAE4CA700C8D5E0 /* SearchType.swift */; };
		CA8C6B791F9CF86000753E7D /* GoogleService-Info.plist in Resources */ = {isa = PBXBuildFile; fileRef = CA825CDB1F93BDCA006871B2 /* GoogleService-Info.plist */; };
		CA9B20831FD5F4990008447C /* FlightDataCell.swift in Sources */ = {isa = PBXBuildFile; fileRef = CA9B20821FD5F4990008447C /* FlightDataCell.swift */; };
		CA9B28631FCF71C700AACF29 /* FlightSegment.swift in Sources */ = {isa = PBXBuildFile; fileRef = CA9B28621FCF71C700AACF29 /* FlightSegment.swift */; };
		CAA0C71A1FABE77B00FAFD69 /* DateRange.swift in Sources */ = {isa = PBXBuildFile; fileRef = CAA0C7191FABE77B00FAFD69 /* DateRange.swift */; };
		CAA0C71C1FAC036600FAFD69 /* MonthSectionHeaderView.xib in Resources */ = {isa = PBXBuildFile; fileRef = CAA0C71B1FAC036600FAFD69 /* MonthSectionHeaderView.xib */; };
		CAA19A0A1FA3BDD800A479A8 /* AirportPickerVC.swift in Sources */ = {isa = PBXBuildFile; fileRef = CAA19A081FA3BDD800A479A8 /* AirportPickerVC.swift */; };
		CAA19A0E1FA3C08000A479A8 /* AirportPickerCell.swift in Sources */ = {isa = PBXBuildFile; fileRef = CAA19A0C1FA3C08000A479A8 /* AirportPickerCell.swift */; };
		CAA19A111FA3D1CA00A479A8 /* AirportPickerVCDelegate.swift in Sources */ = {isa = PBXBuildFile; fileRef = CAA19A101FA3D1CA00A479A8 /* AirportPickerVCDelegate.swift */; };
		CAAD01FD1FD0E23A00E76B88 /* NetworkManager.swift in Sources */ = {isa = PBXBuildFile; fileRef = CAAD01FC1FD0E23A00E76B88 /* NetworkManager.swift */; };
		CAAF0CDB1FCE1F6A0089BF74 /* QPXExpress+Response.swift in Sources */ = {isa = PBXBuildFile; fileRef = CAAF0CDA1FCE1F6A0089BF74 /* QPXExpress+Response.swift */; };
		CAAF0CDD1FCE3F120089BF74 /* QPXExpress+Request.swift in Sources */ = {isa = PBXBuildFile; fileRef = CAAF0CDC1FCE3F120089BF74 /* QPXExpress+Request.swift */; };
		CABA2C5C1FA3E5F9001D9743 /* UserDataService.swift in Sources */ = {isa = PBXBuildFile; fileRef = CABA2C5B1FA3E5F9001D9743 /* UserDataService.swift */; };
		CAD1A0321FE318C50052E16A /* IconAndLabelView.swift in Sources */ = {isa = PBXBuildFile; fileRef = CAD1A0311FE318C50052E16A /* IconAndLabelView.swift */; };
		CAD1A0351FE328F30052E16A /* QPXExpressResponseExample.json in Resources */ = {isa = PBXBuildFile; fileRef = CAD1A0341FE328F30052E16A /* QPXExpressResponseExample.json */; };
		CAD1A0371FE329060052E16A /* QPXExpressMCOtoLAXRoundTrip.json in Resources */ = {isa = PBXBuildFile; fileRef = CAD1A0361FE329060052E16A /* QPXExpressMCOtoLAXRoundTrip.json */; };
		CAD1A0391FE3290F0052E16A /* QPXExpressMCOtoLAXOneWay.json in Resources */ = {isa = PBXBuildFile; fileRef = CAD1A0381FE3290F0052E16A /* QPXExpressMCOtoLAXOneWay.json */; };
		CAD6FC291FE19B7300691A8B /* TimelineView.swift in Sources */ = {isa = PBXBuildFile; fileRef = CAD6FC281FE19B7300691A8B /* TimelineView.swift */; };
		CAEC73AA1F813C29004D6F0B /* AppDelegate.swift in Sources */ = {isa = PBXBuildFile; fileRef = CAEC73A91F813C29004D6F0B /* AppDelegate.swift */; };
		CAEC73AC1F813C29004D6F0B /* SearchVC.swift in Sources */ = {isa = PBXBuildFile; fileRef = CAEC73AB1F813C29004D6F0B /* SearchVC.swift */; };
		CAEC73AF1F813C29004D6F0B /* Main.storyboard in Resources */ = {isa = PBXBuildFile; fileRef = CAEC73AD1F813C29004D6F0B /* Main.storyboard */; };
		CAEC73B11F813C29004D6F0B /* Assets.xcassets in Resources */ = {isa = PBXBuildFile; fileRef = CAEC73B01F813C29004D6F0B /* Assets.xcassets */; };
		CAEC73B41F813C29004D6F0B /* LaunchScreen.storyboard in Resources */ = {isa = PBXBuildFile; fileRef = CAEC73B21F813C29004D6F0B /* LaunchScreen.storyboard */; };
		CAEC73BF1F813C29004D6F0B /* TakeFlightTests.swift in Sources */ = {isa = PBXBuildFile; fileRef = CAEC73BE1F813C29004D6F0B /* TakeFlightTests.swift */; };
		CAEC73CA1F813C2A004D6F0B /* TakeFlightUITests.swift in Sources */ = {isa = PBXBuildFile; fileRef = CAEC73C91F813C2A004D6F0B /* TakeFlightUITests.swift */; };
		CAEC73E01F8144D1004D6F0B /* RoundTripFlightDataCell.swift in Sources */ = {isa = PBXBuildFile; fileRef = CAEC73DE1F8144D1004D6F0B /* RoundTripFlightDataCell.swift */; };
		CAEC73E11F8144D1004D6F0B /* RoundTripFlightDataCell.xib in Resources */ = {isa = PBXBuildFile; fileRef = CAEC73DF1F8144D1004D6F0B /* RoundTripFlightDataCell.xib */; };
		CAEC73E41F814F2E004D6F0B /* Constants.swift in Sources */ = {isa = PBXBuildFile; fileRef = CAEC73E31F814F2E004D6F0B /* Constants.swift */; };
		CAEC73E61F81638F004D6F0B /* FlightData.swift in Sources */ = {isa = PBXBuildFile; fileRef = CAEC73E51F81638F004D6F0B /* FlightData.swift */; };
		CAEC73E81F816BF1004D6F0B /* FlightDataService.swift in Sources */ = {isa = PBXBuildFile; fileRef = CAEC73E71F816BF1004D6F0B /* FlightDataService.swift */; };
		CAEC73EA1F8184D8004D6F0B /* QPXExpress.swift in Sources */ = {isa = PBXBuildFile; fileRef = CAEC73E91F8184D8004D6F0B /* QPXExpress.swift */; };
		CAEDB6A41FCCB7CC0041878F /* UITableView+TopCell.swift in Sources */ = {isa = PBXBuildFile; fileRef = CAEDB6A31FCCB7CC0041878F /* UITableView+TopCell.swift */; };
		CAEDB6A61FCCCD450041878F /* FlightCardView.swift in Sources */ = {isa = PBXBuildFile; fileRef = CAEDB6A51FCCCD450041878F /* FlightCardView.swift */; };
		CAEDB6A81FCCD4900041878F /* SelectedDateView.swift in Sources */ = {isa = PBXBuildFile; fileRef = CAEDB6A71FCCD4900041878F /* SelectedDateView.swift */; };
		CAF35CB41FE1F4850074B60B /* TakeoffLoadingView.swift in Sources */ = {isa = PBXBuildFile; fileRef = CAF35CB31FE1F4850074B60B /* TakeoffLoadingView.swift */; };
		CAF35CB61FE22EBA0074B60B /* TakeoffLoadingViewDelegate.swift in Sources */ = {isa = PBXBuildFile; fileRef = CAF35CB51FE22EBA0074B60B /* TakeoffLoadingViewDelegate.swift */; };
		CAF3714E1FA232EE002C3455 /* SelectedState.swift in Sources */ = {isa = PBXBuildFile; fileRef = CAF3714D1FA232EE002C3455 /* SelectedState.swift */; };
		CAF371501FA2426E002C3455 /* DatePickerVCDelegate.swift in Sources */ = {isa = PBXBuildFile; fileRef = CAF3714F1FA2426E002C3455 /* DatePickerVCDelegate.swift */; };
		CAFF4A311FD2452F0036083C /* String+AlphanumericCharacters.swift in Sources */ = {isa = PBXBuildFile; fileRef = CAFF4A301FD2452F0036083C /* String+AlphanumericCharacters.swift */; };
/* End PBXBuildFile section */

/* Begin PBXContainerItemProxy section */
		CAEC73BB1F813C29004D6F0B /* PBXContainerItemProxy */ = {
			isa = PBXContainerItemProxy;
			containerPortal = CAEC739E1F813C29004D6F0B /* Project object */;
			proxyType = 1;
			remoteGlobalIDString = CAEC73A51F813C29004D6F0B;
			remoteInfo = TakeFlight;
		};
		CAEC73C61F813C2A004D6F0B /* PBXContainerItemProxy */ = {
			isa = PBXContainerItemProxy;
			containerPortal = CAEC739E1F813C29004D6F0B /* Project object */;
			proxyType = 1;
			remoteGlobalIDString = CAEC73A51F813C29004D6F0B;
			remoteInfo = TakeFlight;
		};
/* End PBXContainerItemProxy section */

/* Begin PBXFileReference section */
		0BB3C6BD0EDA8CBE0B1EB85E /* Pods-TakeFlight.release.xcconfig */ = {isa = PBXFileReference; includeInIndex = 1; lastKnownFileType = text.xcconfig; name = "Pods-TakeFlight.release.xcconfig"; path = "Pods/Target Support Files/Pods-TakeFlight/Pods-TakeFlight.release.xcconfig"; sourceTree = "<group>"; };
		1216A1173FF11D75DCF902DC /* Pods-TakeFlightUITests.release.xcconfig */ = {isa = PBXFileReference; includeInIndex = 1; lastKnownFileType = text.xcconfig; name = "Pods-TakeFlightUITests.release.xcconfig"; path = "Pods/Target Support Files/Pods-TakeFlightUITests/Pods-TakeFlightUITests.release.xcconfig"; sourceTree = "<group>"; };
		6E94613DCC3BC4E4E9593681 /* Pods-TakeFlightUITests.debug.xcconfig */ = {isa = PBXFileReference; includeInIndex = 1; lastKnownFileType = text.xcconfig; name = "Pods-TakeFlightUITests.debug.xcconfig"; path = "Pods/Target Support Files/Pods-TakeFlightUITests/Pods-TakeFlightUITests.debug.xcconfig"; sourceTree = "<group>"; };
		955C8FECD5270A6EC65FC55D /* Pods_TakeFlightUITests.framework */ = {isa = PBXFileReference; explicitFileType = wrapper.framework; includeInIndex = 0; path = Pods_TakeFlightUITests.framework; sourceTree = BUILT_PRODUCTS_DIR; };
		962EB3CAD75C4C9C854C85D2 /* Pods_TakeFlightTests.framework */ = {isa = PBXFileReference; explicitFileType = wrapper.framework; includeInIndex = 0; path = Pods_TakeFlightTests.framework; sourceTree = BUILT_PRODUCTS_DIR; };
		C666A505AC3EF78917DB19DD /* Pods-TakeFlight.debug.xcconfig */ = {isa = PBXFileReference; includeInIndex = 1; lastKnownFileType = text.xcconfig; name = "Pods-TakeFlight.debug.xcconfig"; path = "Pods/Target Support Files/Pods-TakeFlight/Pods-TakeFlight.debug.xcconfig"; sourceTree = "<group>"; };
		CA18454A1FD8667E003B56C6 /* TooltipView.swift */ = {isa = PBXFileReference; lastKnownFileType = sourcecode.swift; path = TooltipView.swift; sourceTree = "<group>"; };
		CA18454C1FD86D3B003B56C6 /* CGFloat+Lerp.swift */ = {isa = PBXFileReference; lastKnownFileType = sourcecode.swift; path = "CGFloat+Lerp.swift"; sourceTree = "<group>"; };
		CA18454E1FD89AAD003B56C6 /* DateAndTimeZone.swift */ = {isa = PBXFileReference; lastKnownFileType = sourcecode.swift; path = DateAndTimeZone.swift; sourceTree = "<group>"; };
		CA27ED9D1FBD1885005AC65B /* InstaFlightRequest.swift */ = {isa = PBXFileReference; lastKnownFileType = sourcecode.swift; path = InstaFlightRequest.swift; sourceTree = "<group>"; };
		CA27EDA31FBD1F18005AC65B /* InstaFlightResponse.swift */ = {isa = PBXFileReference; lastKnownFileType = sourcecode.swift; path = InstaFlightResponse.swift; sourceTree = "<group>"; };
		CA27EDA51FBD218D005AC65B /* IFLink.swift */ = {isa = PBXFileReference; lastKnownFileType = sourcecode.swift; path = IFLink.swift; sourceTree = "<group>"; };
		CA29AA1A1F9D6A5E0047B2F1 /* SearchVCDelegate.swift */ = {isa = PBXFileReference; lastKnownFileType = sourcecode.swift; path = SearchVCDelegate.swift; sourceTree = "<group>"; };
		CA3290161F9D2E650083EED7 /* MonthSectionHeaderView.swift */ = {isa = PBXFileReference; lastKnownFileType = sourcecode.swift; path = MonthSectionHeaderView.swift; sourceTree = "<group>"; };
		CA32901A1F9D5B650083EED7 /* Date+Strings.swift */ = {isa = PBXFileReference; lastKnownFileType = sourcecode.swift; path = "Date+Strings.swift"; sourceTree = "<group>"; };
		CA5324891FD8BF67002ABBC3 /* PillButton.swift */ = {isa = PBXFileReference; lastKnownFileType = sourcecode.swift; path = PillButton.swift; sourceTree = "<group>"; };
		CA5328221FE7571D00867E35 /* FlightDataTableViewHeaderView.swift */ = {isa = PBXFileReference; lastKnownFileType = sourcecode.swift; path = FlightDataTableViewHeaderView.swift; sourceTree = "<group>"; };
		CA55C0EF1FE99163008990C8 /* OutlineButton.swift */ = {isa = PBXFileReference; lastKnownFileType = sourcecode.swift; path = OutlineButton.swift; sourceTree = "<group>"; };
		CA55C0F21FE99965008990C8 /* LoggedInStatusView.swift */ = {isa = PBXFileReference; lastKnownFileType = sourcecode.swift; path = LoggedInStatusView.swift; sourceTree = "<group>"; };
		CA55C0F41FE99F2D008990C8 /* LoggedInStatusViewDelegate.swift */ = {isa = PBXFileReference; lastKnownFileType = sourcecode.swift; path = LoggedInStatusViewDelegate.swift; sourceTree = "<group>"; };
		CA55C0F81FE9C974008990C8 /* LoginVC.swift */ = {isa = PBXFileReference; lastKnownFileType = sourcecode.swift; path = LoginVC.swift; sourceTree = "<group>"; };
		CA55C0FA1FE9C985008990C8 /* SignupVC.swift */ = {isa = PBXFileReference; lastKnownFileType = sourcecode.swift; path = SignupVC.swift; sourceTree = "<group>"; };
		CA5B598B1FE83BE800B08A9D /* ProfileImageView.swift */ = {isa = PBXFileReference; lastKnownFileType = sourcecode.swift; path = ProfileImageView.swift; sourceTree = "<group>"; };
		CA5B598D1FE85A3400B08A9D /* MyFlightsView.swift */ = {isa = PBXFileReference; lastKnownFileType = sourcecode.swift; path = MyFlightsView.swift; sourceTree = "<group>"; };
		CA5B598F1FE85C1500B08A9D /* TicketScrollView.swift */ = {isa = PBXFileReference; lastKnownFileType = sourcecode.swift; path = TicketScrollView.swift; sourceTree = "<group>"; };
		CA5B59911FE8608100B08A9D /* TicketView.swift */ = {isa = PBXFileReference; lastKnownFileType = sourcecode.swift; path = TicketView.swift; sourceTree = "<group>"; };
		CA6655F41FDF4E5E00918502 /* LineView.swift */ = {isa = PBXFileReference; lastKnownFileType = sourcecode.swift; path = LineView.swift; sourceTree = "<group>"; };
		CA7C3A1F1FBA42FF00E4CD40 /* FlightDetailsVC.swift */ = {isa = PBXFileReference; lastKnownFileType = sourcecode.swift; path = FlightDetailsVC.swift; sourceTree = "<group>"; };
		CA825CD71F93A8BB006871B2 /* DatePickerVC.swift */ = {isa = PBXFileReference; lastKnownFileType = sourcecode.swift; path = DatePickerVC.swift; sourceTree = "<group>"; };
		CA825CD91F93A954006871B2 /* DatePickerCell.swift */ = {isa = PBXFileReference; lastKnownFileType = sourcecode.swift; path = DatePickerCell.swift; sourceTree = "<group>"; };
		CA825CDB1F93BDCA006871B2 /* GoogleService-Info.plist */ = {isa = PBXFileReference; lastKnownFileType = text.plist.xml; path = "GoogleService-Info.plist"; sourceTree = "<group>"; };
		CA825CDC1F93BFBF006871B2 /* FirebaseDataService.swift */ = {isa = PBXFileReference; lastKnownFileType = sourcecode.swift; path = FirebaseDataService.swift; sourceTree = "<group>"; };
		CA85590A1FE747D800E72913 /* ExploreVC.swift */ = {isa = PBXFileReference; lastKnownFileType = sourcecode.swift; path = ExploreVC.swift; sourceTree = "<group>"; };
		CA85590C1FE747EA00E72913 /* ProfileVC.swift */ = {isa = PBXFileReference; lastKnownFileType = sourcecode.swift; path = ProfileVC.swift; sourceTree = "<group>"; };
		CA882F811FD4C78200D2E8F3 /* Open_Sans */ = {isa = PBXFileReference; lastKnownFileType = folder; path = Open_Sans; sourceTree = "<group>"; };
		CA8923D11F93F5F50091968B /* Airport.swift */ = {isa = PBXFileReference; lastKnownFileType = sourcecode.swift; path = Airport.swift; sourceTree = "<group>"; };
		CA8A2D1A1FAE498F00C8D5E0 /* OneWayFlightDataCell.swift */ = {isa = PBXFileReference; lastKnownFileType = sourcecode.swift; path = OneWayFlightDataCell.swift; sourceTree = "<group>"; };
		CA8A2D1B1FAE498F00C8D5E0 /* OneWayFlightDataCell.xib */ = {isa = PBXFileReference; lastKnownFileType = file.xib; path = OneWayFlightDataCell.xib; sourceTree = "<group>"; };
		CA8A2D1E1FAE4CA700C8D5E0 /* SearchType.swift */ = {isa = PBXFileReference; lastKnownFileType = sourcecode.swift; path = SearchType.swift; sourceTree = "<group>"; };
		CA9B20821FD5F4990008447C /* FlightDataCell.swift */ = {isa = PBXFileReference; lastKnownFileType = sourcecode.swift; path = FlightDataCell.swift; sourceTree = "<group>"; };
		CA9B28621FCF71C700AACF29 /* FlightSegment.swift */ = {isa = PBXFileReference; lastKnownFileType = sourcecode.swift; path = FlightSegment.swift; sourceTree = "<group>"; };
		CAA0C7191FABE77B00FAFD69 /* DateRange.swift */ = {isa = PBXFileReference; lastKnownFileType = sourcecode.swift; path = DateRange.swift; sourceTree = "<group>"; };
		CAA0C71B1FAC036600FAFD69 /* MonthSectionHeaderView.xib */ = {isa = PBXFileReference; lastKnownFileType = file.xib; path = MonthSectionHeaderView.xib; sourceTree = "<group>"; };
		CAA19A081FA3BDD800A479A8 /* AirportPickerVC.swift */ = {isa = PBXFileReference; lastKnownFileType = sourcecode.swift; path = AirportPickerVC.swift; sourceTree = "<group>"; };
		CAA19A0C1FA3C08000A479A8 /* AirportPickerCell.swift */ = {isa = PBXFileReference; lastKnownFileType = sourcecode.swift; path = AirportPickerCell.swift; sourceTree = "<group>"; };
		CAA19A101FA3D1CA00A479A8 /* AirportPickerVCDelegate.swift */ = {isa = PBXFileReference; lastKnownFileType = sourcecode.swift; path = AirportPickerVCDelegate.swift; sourceTree = "<group>"; };
		CAAD01FC1FD0E23A00E76B88 /* NetworkManager.swift */ = {isa = PBXFileReference; lastKnownFileType = sourcecode.swift; path = NetworkManager.swift; sourceTree = "<group>"; };
		CAAF0CDA1FCE1F6A0089BF74 /* QPXExpress+Response.swift */ = {isa = PBXFileReference; lastKnownFileType = sourcecode.swift; path = "QPXExpress+Response.swift"; sourceTree = "<group>"; };
		CAAF0CDC1FCE3F120089BF74 /* QPXExpress+Request.swift */ = {isa = PBXFileReference; lastKnownFileType = sourcecode.swift; path = "QPXExpress+Request.swift"; sourceTree = "<group>"; };
		CABA2C5B1FA3E5F9001D9743 /* UserDataService.swift */ = {isa = PBXFileReference; lastKnownFileType = sourcecode.swift; path = UserDataService.swift; sourceTree = "<group>"; };
		CAD1A0311FE318C50052E16A /* IconAndLabelView.swift */ = {isa = PBXFileReference; lastKnownFileType = sourcecode.swift; path = IconAndLabelView.swift; sourceTree = "<group>"; };
		CAD1A0341FE328F30052E16A /* QPXExpressResponseExample.json */ = {isa = PBXFileReference; fileEncoding = 4; lastKnownFileType = text.json; path = QPXExpressResponseExample.json; sourceTree = "<group>"; };
		CAD1A0361FE329060052E16A /* QPXExpressMCOtoLAXRoundTrip.json */ = {isa = PBXFileReference; fileEncoding = 4; lastKnownFileType = text.json; path = QPXExpressMCOtoLAXRoundTrip.json; sourceTree = "<group>"; };
		CAD1A0381FE3290F0052E16A /* QPXExpressMCOtoLAXOneWay.json */ = {isa = PBXFileReference; fileEncoding = 4; lastKnownFileType = text.json; path = QPXExpressMCOtoLAXOneWay.json; sourceTree = "<group>"; };
		CAD6FC281FE19B7300691A8B /* TimelineView.swift */ = {isa = PBXFileReference; lastKnownFileType = sourcecode.swift; path = TimelineView.swift; sourceTree = "<group>"; };
		CAEC73A61F813C29004D6F0B /* TakeFlight.app */ = {isa = PBXFileReference; explicitFileType = wrapper.application; includeInIndex = 0; path = TakeFlight.app; sourceTree = BUILT_PRODUCTS_DIR; };
		CAEC73A91F813C29004D6F0B /* AppDelegate.swift */ = {isa = PBXFileReference; lastKnownFileType = sourcecode.swift; path = AppDelegate.swift; sourceTree = "<group>"; };
		CAEC73AB1F813C29004D6F0B /* SearchVC.swift */ = {isa = PBXFileReference; lastKnownFileType = sourcecode.swift; path = SearchVC.swift; sourceTree = "<group>"; };
		CAEC73AE1F813C29004D6F0B /* Base */ = {isa = PBXFileReference; lastKnownFileType = file.storyboard; name = Base; path = Base.lproj/Main.storyboard; sourceTree = "<group>"; };
		CAEC73B01F813C29004D6F0B /* Assets.xcassets */ = {isa = PBXFileReference; lastKnownFileType = folder.assetcatalog; path = Assets.xcassets; sourceTree = "<group>"; };
		CAEC73B31F813C29004D6F0B /* Base */ = {isa = PBXFileReference; lastKnownFileType = file.storyboard; name = Base; path = Base.lproj/LaunchScreen.storyboard; sourceTree = "<group>"; };
		CAEC73B51F813C29004D6F0B /* Info.plist */ = {isa = PBXFileReference; lastKnownFileType = text.plist.xml; path = Info.plist; sourceTree = "<group>"; };
		CAEC73BA1F813C29004D6F0B /* TakeFlightTests.xctest */ = {isa = PBXFileReference; explicitFileType = wrapper.cfbundle; includeInIndex = 0; path = TakeFlightTests.xctest; sourceTree = BUILT_PRODUCTS_DIR; };
		CAEC73BE1F813C29004D6F0B /* TakeFlightTests.swift */ = {isa = PBXFileReference; lastKnownFileType = sourcecode.swift; path = TakeFlightTests.swift; sourceTree = "<group>"; };
		CAEC73C01F813C29004D6F0B /* Info.plist */ = {isa = PBXFileReference; lastKnownFileType = text.plist.xml; path = Info.plist; sourceTree = "<group>"; };
		CAEC73C51F813C2A004D6F0B /* TakeFlightUITests.xctest */ = {isa = PBXFileReference; explicitFileType = wrapper.cfbundle; includeInIndex = 0; path = TakeFlightUITests.xctest; sourceTree = BUILT_PRODUCTS_DIR; };
		CAEC73C91F813C2A004D6F0B /* TakeFlightUITests.swift */ = {isa = PBXFileReference; lastKnownFileType = sourcecode.swift; path = TakeFlightUITests.swift; sourceTree = "<group>"; };
		CAEC73CB1F813C2A004D6F0B /* Info.plist */ = {isa = PBXFileReference; lastKnownFileType = text.plist.xml; path = Info.plist; sourceTree = "<group>"; };
		CAEC73DE1F8144D1004D6F0B /* RoundTripFlightDataCell.swift */ = {isa = PBXFileReference; lastKnownFileType = sourcecode.swift; path = RoundTripFlightDataCell.swift; sourceTree = "<group>"; };
		CAEC73DF1F8144D1004D6F0B /* RoundTripFlightDataCell.xib */ = {isa = PBXFileReference; lastKnownFileType = file.xib; path = RoundTripFlightDataCell.xib; sourceTree = "<group>"; };
		CAEC73E31F814F2E004D6F0B /* Constants.swift */ = {isa = PBXFileReference; lastKnownFileType = sourcecode.swift; path = Constants.swift; sourceTree = "<group>"; };
		CAEC73E51F81638F004D6F0B /* FlightData.swift */ = {isa = PBXFileReference; lastKnownFileType = sourcecode.swift; path = FlightData.swift; sourceTree = "<group>"; };
		CAEC73E71F816BF1004D6F0B /* FlightDataService.swift */ = {isa = PBXFileReference; lastKnownFileType = sourcecode.swift; path = FlightDataService.swift; sourceTree = "<group>"; };
		CAEC73E91F8184D8004D6F0B /* QPXExpress.swift */ = {isa = PBXFileReference; lastKnownFileType = sourcecode.swift; path = QPXExpress.swift; sourceTree = "<group>"; };
		CAEDB6A31FCCB7CC0041878F /* UITableView+TopCell.swift */ = {isa = PBXFileReference; lastKnownFileType = sourcecode.swift; path = "UITableView+TopCell.swift"; sourceTree = "<group>"; };
		CAEDB6A51FCCCD450041878F /* FlightCardView.swift */ = {isa = PBXFileReference; lastKnownFileType = sourcecode.swift; path = FlightCardView.swift; sourceTree = "<group>"; };
		CAEDB6A71FCCD4900041878F /* SelectedDateView.swift */ = {isa = PBXFileReference; lastKnownFileType = sourcecode.swift; path = SelectedDateView.swift; sourceTree = "<group>"; };
		CAF35CB31FE1F4850074B60B /* TakeoffLoadingView.swift */ = {isa = PBXFileReference; lastKnownFileType = sourcecode.swift; path = TakeoffLoadingView.swift; sourceTree = "<group>"; };
		CAF35CB51FE22EBA0074B60B /* TakeoffLoadingViewDelegate.swift */ = {isa = PBXFileReference; lastKnownFileType = sourcecode.swift; path = TakeoffLoadingViewDelegate.swift; sourceTree = "<group>"; };
		CAF3714D1FA232EE002C3455 /* SelectedState.swift */ = {isa = PBXFileReference; lastKnownFileType = sourcecode.swift; path = SelectedState.swift; sourceTree = "<group>"; };
		CAF3714F1FA2426E002C3455 /* DatePickerVCDelegate.swift */ = {isa = PBXFileReference; lastKnownFileType = sourcecode.swift; path = DatePickerVCDelegate.swift; sourceTree = "<group>"; };
		CAFF4A301FD2452F0036083C /* String+AlphanumericCharacters.swift */ = {isa = PBXFileReference; lastKnownFileType = sourcecode.swift; path = "String+AlphanumericCharacters.swift"; sourceTree = "<group>"; };
		DF2F772D35F090085677C96D /* Pods-TakeFlightTests.debug.xcconfig */ = {isa = PBXFileReference; includeInIndex = 1; lastKnownFileType = text.xcconfig; name = "Pods-TakeFlightTests.debug.xcconfig"; path = "Pods/Target Support Files/Pods-TakeFlightTests/Pods-TakeFlightTests.debug.xcconfig"; sourceTree = "<group>"; };
		E1CD68BDBB2978CC87E5D867 /* Pods_TakeFlight.framework */ = {isa = PBXFileReference; explicitFileType = wrapper.framework; includeInIndex = 0; path = Pods_TakeFlight.framework; sourceTree = BUILT_PRODUCTS_DIR; };
		ED00AF93923CA2A0C7663431 /* Pods-TakeFlightTests.release.xcconfig */ = {isa = PBXFileReference; includeInIndex = 1; lastKnownFileType = text.xcconfig; name = "Pods-TakeFlightTests.release.xcconfig"; path = "Pods/Target Support Files/Pods-TakeFlightTests/Pods-TakeFlightTests.release.xcconfig"; sourceTree = "<group>"; };
/* End PBXFileReference section */

/* Begin PBXFrameworksBuildPhase section */
		CAEC73A31F813C29004D6F0B /* Frameworks */ = {
			isa = PBXFrameworksBuildPhase;
			buildActionMask = 2147483647;
			files = (
				5EC349B0BBE2F6B536A70966 /* Pods_TakeFlight.framework in Frameworks */,
			);
			runOnlyForDeploymentPostprocessing = 0;
		};
		CAEC73B71F813C29004D6F0B /* Frameworks */ = {
			isa = PBXFrameworksBuildPhase;
			buildActionMask = 2147483647;
			files = (
				ABBA88BADDAB4EC602AE5126 /* Pods_TakeFlightTests.framework in Frameworks */,
			);
			runOnlyForDeploymentPostprocessing = 0;
		};
		CAEC73C21F813C2A004D6F0B /* Frameworks */ = {
			isa = PBXFrameworksBuildPhase;
			buildActionMask = 2147483647;
			files = (
				58537D1DCEA65DD268A4666B /* Pods_TakeFlightUITests.framework in Frameworks */,
			);
			runOnlyForDeploymentPostprocessing = 0;
		};
/* End PBXFrameworksBuildPhase section */

/* Begin PBXGroup section */
		A406736D90EAC91949449FB2 /* Pods */ = {
			isa = PBXGroup;
			children = (
				C666A505AC3EF78917DB19DD /* Pods-TakeFlight.debug.xcconfig */,
				0BB3C6BD0EDA8CBE0B1EB85E /* Pods-TakeFlight.release.xcconfig */,
				DF2F772D35F090085677C96D /* Pods-TakeFlightTests.debug.xcconfig */,
				ED00AF93923CA2A0C7663431 /* Pods-TakeFlightTests.release.xcconfig */,
				6E94613DCC3BC4E4E9593681 /* Pods-TakeFlightUITests.debug.xcconfig */,
				1216A1173FF11D75DCF902DC /* Pods-TakeFlightUITests.release.xcconfig */,
			);
			name = Pods;
			sourceTree = "<group>";
		};
		CA132B941FC6223E0097FDAB /* InstaFlight */ = {
			isa = PBXGroup;
			children = (
				CA27ED9D1FBD1885005AC65B /* InstaFlightRequest.swift */,
				CA27EDA31FBD1F18005AC65B /* InstaFlightResponse.swift */,
				CA27EDA51FBD218D005AC65B /* IFLink.swift */,
			);
			path = InstaFlight;
			sourceTree = "<group>";
		};
		CA3185E21FE0652C0055A1B1 /* QPXExpress */ = {
			isa = PBXGroup;
			children = (
				CAD1A0331FE328D80052E16A /* Sample Data */,
				CAEC73E91F8184D8004D6F0B /* QPXExpress.swift */,
				CAAF0CDC1FCE3F120089BF74 /* QPXExpress+Request.swift */,
				CAAF0CDA1FCE1F6A0089BF74 /* QPXExpress+Response.swift */,
			);
			path = QPXExpress;
			sourceTree = "<group>";
		};
		CA3185E31FE065670055A1B1 /* FlightDataCell */ = {
			isa = PBXGroup;
			children = (
				CA9B20821FD5F4990008447C /* FlightDataCell.swift */,
				CA8A2D1A1FAE498F00C8D5E0 /* OneWayFlightDataCell.swift */,
				CAEC73DE1F8144D1004D6F0B /* RoundTripFlightDataCell.swift */,
			);
			path = FlightDataCell;
			sourceTree = "<group>";
		};
		CA3185E41FE065900055A1B1 /* DatePicker */ = {
			isa = PBXGroup;
			children = (
				CA825CD91F93A954006871B2 /* DatePickerCell.swift */,
				CA3290161F9D2E650083EED7 /* MonthSectionHeaderView.swift */,
				CAEDB6A71FCCD4900041878F /* SelectedDateView.swift */,
			);
			path = DatePicker;
			sourceTree = "<group>";
		};
		CA3185E51FE065E00055A1B1 /* FlightData */ = {
			isa = PBXGroup;
			children = (
				CA9B28621FCF71C700AACF29 /* FlightSegment.swift */,
				CAEC73E51F81638F004D6F0B /* FlightData.swift */,
			);
			path = FlightData;
			sourceTree = "<group>";
		};
		CA55C0EE1FE98CC0008990C8 /* MyFlightsView */ = {
			isa = PBXGroup;
			children = (
				CA5B598D1FE85A3400B08A9D /* MyFlightsView.swift */,
				CA5B598F1FE85C1500B08A9D /* TicketScrollView.swift */,
				CA5B59911FE8608100B08A9D /* TicketView.swift */,
			);
			path = MyFlightsView;
			sourceTree = "<group>";
		};
		CA55C0F11FE9959E008990C8 /* Buttons */ = {
			isa = PBXGroup;
			children = (
				CA5324891FD8BF67002ABBC3 /* PillButton.swift */,
				CA55C0EF1FE99163008990C8 /* OutlineButton.swift */,
			);
			path = Buttons;
			sourceTree = "<group>";
		};
		CA5B598A1FE83AAC00B08A9D /* FlightCardView */ = {
			isa = PBXGroup;
			children = (
				CAEDB6A51FCCCD450041878F /* FlightCardView.swift */,
				CAD6FC281FE19B7300691A8B /* TimelineView.swift */,
				CA6655F41FDF4E5E00918502 /* LineView.swift */,
				CAD1A0311FE318C50052E16A /* IconAndLabelView.swift */,
			);
			path = FlightCardView;
			sourceTree = "<group>";
		};
		CA8559071FE7466200E72913 /* Search */ = {
			isa = PBXGroup;
			children = (
				CAEC73AB1F813C29004D6F0B /* SearchVC.swift */,
				CA825CD71F93A8BB006871B2 /* DatePickerVC.swift */,
				CAA19A081FA3BDD800A479A8 /* AirportPickerVC.swift */,
				CA7C3A1F1FBA42FF00E4CD40 /* FlightDetailsVC.swift */,
			);
			path = Search;
			sourceTree = "<group>";
		};
		CA8559081FE7467A00E72913 /* Explore */ = {
			isa = PBXGroup;
			children = (
				CA85590A1FE747D800E72913 /* ExploreVC.swift */,
			);
			path = Explore;
			sourceTree = "<group>";
		};
		CA8559091FE7468100E72913 /* Profile */ = {
			isa = PBXGroup;
			children = (
				CA85590C1FE747EA00E72913 /* ProfileVC.swift */,
				CA55C0F81FE9C974008990C8 /* LoginVC.swift */,
				CA55C0FA1FE9C985008990C8 /* SignupVC.swift */,
			);
			path = Profile;
			sourceTree = "<group>";
		};
		CA9E4A7E1FD49E83001B7E61 /* Fonts */ = {
			isa = PBXGroup;
			children = (
				CA882F811FD4C78200D2E8F3 /* Open_Sans */,
			);
			path = Fonts;
			sourceTree = "<group>";
		};
		CAD1A0331FE328D80052E16A /* Sample Data */ = {
			isa = PBXGroup;
			children = (
				CAD1A0381FE3290F0052E16A /* QPXExpressMCOtoLAXOneWay.json */,
				CAD1A0361FE329060052E16A /* QPXExpressMCOtoLAXRoundTrip.json */,
				CAD1A0341FE328F30052E16A /* QPXExpressResponseExample.json */,
			);
			path = "Sample Data";
			sourceTree = "<group>";
		};
		CAEC739D1F813C29004D6F0B = {
			isa = PBXGroup;
			children = (
				CAEC73A81F813C29004D6F0B /* TakeFlight */,
				CAEC73BD1F813C29004D6F0B /* TakeFlightTests */,
				CAEC73C81F813C2A004D6F0B /* TakeFlightUITests */,
				CAEC73A71F813C29004D6F0B /* Products */,
				A406736D90EAC91949449FB2 /* Pods */,
				D132DC59ACFEDB4A5D7D3905 /* Frameworks */,
			);
			sourceTree = "<group>";
		};
		CAEC73A71F813C29004D6F0B /* Products */ = {
			isa = PBXGroup;
			children = (
				CAEC73A61F813C29004D6F0B /* TakeFlight.app */,
				CAEC73BA1F813C29004D6F0B /* TakeFlightTests.xctest */,
				CAEC73C51F813C2A004D6F0B /* TakeFlightUITests.xctest */,
			);
			name = Products;
			sourceTree = "<group>";
		};
		CAEC73A81F813C29004D6F0B /* TakeFlight */ = {
			isa = PBXGroup;
			children = (
				CAEC73EC1F818CFA004D6F0B /* Protocols */,
				CAEC73EB1F818CB0004D6F0B /* Extensions */,
				CAEC73E21F814F1D004D6F0B /* Utilities */,
				CAEC73DD1F814493004D6F0B /* XIB Files */,
				CAEC73DA1F813C72004D6F0B /* Services */,
				CAEC73D91F813C69004D6F0B /* Model */,
				CAEC73D81F813C58004D6F0B /* View */,
				CAEC73D71F813C4F004D6F0B /* Controller */,
				CAEC73A91F813C29004D6F0B /* AppDelegate.swift */,
				CAEC73AD1F813C29004D6F0B /* Main.storyboard */,
				CAEC73B01F813C29004D6F0B /* Assets.xcassets */,
				CAEC73B21F813C29004D6F0B /* LaunchScreen.storyboard */,
				CAEC73B51F813C29004D6F0B /* Info.plist */,
				CA825CDB1F93BDCA006871B2 /* GoogleService-Info.plist */,
			);
			path = TakeFlight;
			sourceTree = "<group>";
		};
		CAEC73BD1F813C29004D6F0B /* TakeFlightTests */ = {
			isa = PBXGroup;
			children = (
				CAEC73BE1F813C29004D6F0B /* TakeFlightTests.swift */,
				CAEC73C01F813C29004D6F0B /* Info.plist */,
			);
			path = TakeFlightTests;
			sourceTree = "<group>";
		};
		CAEC73C81F813C2A004D6F0B /* TakeFlightUITests */ = {
			isa = PBXGroup;
			children = (
				CAEC73C91F813C2A004D6F0B /* TakeFlightUITests.swift */,
				CAEC73CB1F813C2A004D6F0B /* Info.plist */,
			);
			path = TakeFlightUITests;
			sourceTree = "<group>";
		};
		CAEC73D71F813C4F004D6F0B /* Controller */ = {
			isa = PBXGroup;
			children = (
				CA8559081FE7467A00E72913 /* Explore */,
				CA8559071FE7466200E72913 /* Search */,
				CA8559091FE7468100E72913 /* Profile */,
			);
			path = Controller;
			sourceTree = "<group>";
		};
		CAEC73D81F813C58004D6F0B /* View */ = {
			isa = PBXGroup;
			children = (
				CA3185E31FE065670055A1B1 /* FlightDataCell */,
				CA3185E41FE065900055A1B1 /* DatePicker */,
				CA5B598A1FE83AAC00B08A9D /* FlightCardView */,
				CA55C0EE1FE98CC0008990C8 /* MyFlightsView */,
				CA55C0F11FE9959E008990C8 /* Buttons */,
				CAA19A0C1FA3C08000A479A8 /* AirportPickerCell.swift */,
				CA18454A1FD8667E003B56C6 /* TooltipView.swift */,
				CAF35CB31FE1F4850074B60B /* TakeoffLoadingView.swift */,
				CA5328221FE7571D00867E35 /* FlightDataTableViewHeaderView.swift */,
				CA5B598B1FE83BE800B08A9D /* ProfileImageView.swift */,
				CA55C0F21FE99965008990C8 /* LoggedInStatusView.swift */,
			);
			path = View;
			sourceTree = "<group>";
		};
		CAEC73D91F813C69004D6F0B /* Model */ = {
			isa = PBXGroup;
			children = (
				CA3185E51FE065E00055A1B1 /* FlightData */,
				CA3185E21FE0652C0055A1B1 /* QPXExpress */,
				CA132B941FC6223E0097FDAB /* InstaFlight */,
				CA8923D11F93F5F50091968B /* Airport.swift */,
				CAF3714D1FA232EE002C3455 /* SelectedState.swift */,
				CAA0C7191FABE77B00FAFD69 /* DateRange.swift */,
				CA8A2D1E1FAE4CA700C8D5E0 /* SearchType.swift */,
				CA18454E1FD89AAD003B56C6 /* DateAndTimeZone.swift */,
			);
			path = Model;
			sourceTree = "<group>";
		};
		CAEC73DA1F813C72004D6F0B /* Services */ = {
			isa = PBXGroup;
			children = (
				CAEC73E71F816BF1004D6F0B /* FlightDataService.swift */,
				CA825CDC1F93BFBF006871B2 /* FirebaseDataService.swift */,
				CABA2C5B1FA3E5F9001D9743 /* UserDataService.swift */,
				CAAD01FC1FD0E23A00E76B88 /* NetworkManager.swift */,
			);
			path = Services;
			sourceTree = "<group>";
		};
		CAEC73DD1F814493004D6F0B /* XIB Files */ = {
			isa = PBXGroup;
			children = (
				CA8A2D1B1FAE498F00C8D5E0 /* OneWayFlightDataCell.xib */,
				CAEC73DF1F8144D1004D6F0B /* RoundTripFlightDataCell.xib */,
				CAA0C71B1FAC036600FAFD69 /* MonthSectionHeaderView.xib */,
			);
			path = "XIB Files";
			sourceTree = "<group>";
		};
		CAEC73E21F814F1D004D6F0B /* Utilities */ = {
			isa = PBXGroup;
			children = (
				CA9E4A7E1FD49E83001B7E61 /* Fonts */,
				CAEC73E31F814F2E004D6F0B /* Constants.swift */,
			);
			path = Utilities;
			sourceTree = "<group>";
		};
		CAEC73EB1F818CB0004D6F0B /* Extensions */ = {
			isa = PBXGroup;
			children = (
				CA32901A1F9D5B650083EED7 /* Date+Strings.swift */,
				CAEDB6A31FCCB7CC0041878F /* UITableView+TopCell.swift */,
				CAFF4A301FD2452F0036083C /* String+AlphanumericCharacters.swift */,
				CA18454C1FD86D3B003B56C6 /* CGFloat+Lerp.swift */,
			);
			path = Extensions;
			sourceTree = "<group>";
		};
		CAEC73EC1F818CFA004D6F0B /* Protocols */ = {
			isa = PBXGroup;
			children = (
				CA29AA1A1F9D6A5E0047B2F1 /* SearchVCDelegate.swift */,
				CAF3714F1FA2426E002C3455 /* DatePickerVCDelegate.swift */,
				CAA19A101FA3D1CA00A479A8 /* AirportPickerVCDelegate.swift */,
				CAF35CB51FE22EBA0074B60B /* TakeoffLoadingViewDelegate.swift */,
				CA55C0F41FE99F2D008990C8 /* LoggedInStatusViewDelegate.swift */,
			);
			path = Protocols;
			sourceTree = "<group>";
		};
		D132DC59ACFEDB4A5D7D3905 /* Frameworks */ = {
			isa = PBXGroup;
			children = (
				E1CD68BDBB2978CC87E5D867 /* Pods_TakeFlight.framework */,
				962EB3CAD75C4C9C854C85D2 /* Pods_TakeFlightTests.framework */,
				955C8FECD5270A6EC65FC55D /* Pods_TakeFlightUITests.framework */,
			);
			name = Frameworks;
			sourceTree = "<group>";
		};
/* End PBXGroup section */

/* Begin PBXNativeTarget section */
		CAEC73A51F813C29004D6F0B /* TakeFlight */ = {
			isa = PBXNativeTarget;
			buildConfigurationList = CAEC73CE1F813C2A004D6F0B /* Build configuration list for PBXNativeTarget "TakeFlight" */;
			buildPhases = (
				87235D88F50E2A7C15682721 /* [CP] Check Pods Manifest.lock */,
				CAEC73A21F813C29004D6F0B /* Sources */,
				CAEC73A31F813C29004D6F0B /* Frameworks */,
				CAEC73A41F813C29004D6F0B /* Resources */,
				452CBCA1A71F8C9FF4144F06 /* [CP] Embed Pods Frameworks */,
				6B8BFB96795B3E7ABF2FA6AE /* [CP] Copy Pods Resources */,
			);
			buildRules = (
			);
			dependencies = (
			);
			name = TakeFlight;
			productName = TakeFlight;
			productReference = CAEC73A61F813C29004D6F0B /* TakeFlight.app */;
			productType = "com.apple.product-type.application";
		};
		CAEC73B91F813C29004D6F0B /* TakeFlightTests */ = {
			isa = PBXNativeTarget;
			buildConfigurationList = CAEC73D11F813C2A004D6F0B /* Build configuration list for PBXNativeTarget "TakeFlightTests" */;
			buildPhases = (
				DDB513419B314D0AA20B19F8 /* [CP] Check Pods Manifest.lock */,
				CAEC73B61F813C29004D6F0B /* Sources */,
				CAEC73B71F813C29004D6F0B /* Frameworks */,
				CAEC73B81F813C29004D6F0B /* Resources */,
				C1859F2A396848DB0C767B40 /* [CP] Embed Pods Frameworks */,
				3470CF343896AAAA0C252D99 /* [CP] Copy Pods Resources */,
			);
			buildRules = (
			);
			dependencies = (
				CAEC73BC1F813C29004D6F0B /* PBXTargetDependency */,
			);
			name = TakeFlightTests;
			productName = TakeFlightTests;
			productReference = CAEC73BA1F813C29004D6F0B /* TakeFlightTests.xctest */;
			productType = "com.apple.product-type.bundle.unit-test";
		};
		CAEC73C41F813C2A004D6F0B /* TakeFlightUITests */ = {
			isa = PBXNativeTarget;
			buildConfigurationList = CAEC73D41F813C2A004D6F0B /* Build configuration list for PBXNativeTarget "TakeFlightUITests" */;
			buildPhases = (
				D3726ADF61C6B511C070CC7E /* [CP] Check Pods Manifest.lock */,
				CAEC73C11F813C2A004D6F0B /* Sources */,
				CAEC73C21F813C2A004D6F0B /* Frameworks */,
				CAEC73C31F813C2A004D6F0B /* Resources */,
				D8F2E3D32DB96F04C6A5B536 /* [CP] Embed Pods Frameworks */,
				24CD68DFA0139521E71615E5 /* [CP] Copy Pods Resources */,
			);
			buildRules = (
			);
			dependencies = (
				CAEC73C71F813C2A004D6F0B /* PBXTargetDependency */,
			);
			name = TakeFlightUITests;
			productName = TakeFlightUITests;
			productReference = CAEC73C51F813C2A004D6F0B /* TakeFlightUITests.xctest */;
			productType = "com.apple.product-type.bundle.ui-testing";
		};
/* End PBXNativeTarget section */

/* Begin PBXProject section */
		CAEC739E1F813C29004D6F0B /* Project object */ = {
			isa = PBXProject;
			attributes = {
				LastSwiftUpdateCheck = 0900;
				LastUpgradeCheck = 0900;
				ORGANIZATIONNAME = "Justin Erickson";
				TargetAttributes = {
					CAEC73A51F813C29004D6F0B = {
						CreatedOnToolsVersion = 9.0;
						ProvisioningStyle = Automatic;
					};
					CAEC73B91F813C29004D6F0B = {
						CreatedOnToolsVersion = 9.0;
						ProvisioningStyle = Automatic;
						TestTargetID = CAEC73A51F813C29004D6F0B;
					};
					CAEC73C41F813C2A004D6F0B = {
						CreatedOnToolsVersion = 9.0;
						ProvisioningStyle = Automatic;
						TestTargetID = CAEC73A51F813C29004D6F0B;
					};
				};
			};
			buildConfigurationList = CAEC73A11F813C29004D6F0B /* Build configuration list for PBXProject "TakeFlight" */;
			compatibilityVersion = "Xcode 8.0";
			developmentRegion = en;
			hasScannedForEncodings = 0;
			knownRegions = (
				en,
				Base,
			);
			mainGroup = CAEC739D1F813C29004D6F0B;
			productRefGroup = CAEC73A71F813C29004D6F0B /* Products */;
			projectDirPath = "";
			projectRoot = "";
			targets = (
				CAEC73A51F813C29004D6F0B /* TakeFlight */,
				CAEC73B91F813C29004D6F0B /* TakeFlightTests */,
				CAEC73C41F813C2A004D6F0B /* TakeFlightUITests */,
			);
		};
/* End PBXProject section */

/* Begin PBXResourcesBuildPhase section */
		CAEC73A41F813C29004D6F0B /* Resources */ = {
			isa = PBXResourcesBuildPhase;
			buildActionMask = 2147483647;
			files = (
				CAD1A0391FE3290F0052E16A /* QPXExpressMCOtoLAXOneWay.json in Resources */,
				CAD1A0371FE329060052E16A /* QPXExpressMCOtoLAXRoundTrip.json in Resources */,
				CAEC73B41F813C29004D6F0B /* LaunchScreen.storyboard in Resources */,
				CA8A2D1D1FAE498F00C8D5E0 /* OneWayFlightDataCell.xib in Resources */,
				CAA0C71C1FAC036600FAFD69 /* MonthSectionHeaderView.xib in Resources */,
				CAEC73B11F813C29004D6F0B /* Assets.xcassets in Resources */,
				CAD1A0351FE328F30052E16A /* QPXExpressResponseExample.json in Resources */,
				CA8C6B791F9CF86000753E7D /* GoogleService-Info.plist in Resources */,
				CA882F821FD4C78300D2E8F3 /* Open_Sans in Resources */,
				CAEC73AF1F813C29004D6F0B /* Main.storyboard in Resources */,
				CAEC73E11F8144D1004D6F0B /* RoundTripFlightDataCell.xib in Resources */,
			);
			runOnlyForDeploymentPostprocessing = 0;
		};
		CAEC73B81F813C29004D6F0B /* Resources */ = {
			isa = PBXResourcesBuildPhase;
			buildActionMask = 2147483647;
			files = (
			);
			runOnlyForDeploymentPostprocessing = 0;
		};
		CAEC73C31F813C2A004D6F0B /* Resources */ = {
			isa = PBXResourcesBuildPhase;
			buildActionMask = 2147483647;
			files = (
			);
			runOnlyForDeploymentPostprocessing = 0;
		};
/* End PBXResourcesBuildPhase section */

/* Begin PBXShellScriptBuildPhase section */
		24CD68DFA0139521E71615E5 /* [CP] Copy Pods Resources */ = {
			isa = PBXShellScriptBuildPhase;
			buildActionMask = 2147483647;
			files = (
			);
			inputPaths = (
			);
			name = "[CP] Copy Pods Resources";
			outputPaths = (
			);
			runOnlyForDeploymentPostprocessing = 0;
			shellPath = /bin/sh;
			shellScript = "\"${SRCROOT}/Pods/Target Support Files/Pods-TakeFlightUITests/Pods-TakeFlightUITests-resources.sh\"\n";
			showEnvVarsInLog = 0;
		};
		3470CF343896AAAA0C252D99 /* [CP] Copy Pods Resources */ = {
			isa = PBXShellScriptBuildPhase;
			buildActionMask = 2147483647;
			files = (
			);
			inputPaths = (
			);
			name = "[CP] Copy Pods Resources";
			outputPaths = (
			);
			runOnlyForDeploymentPostprocessing = 0;
			shellPath = /bin/sh;
			shellScript = "\"${SRCROOT}/Pods/Target Support Files/Pods-TakeFlightTests/Pods-TakeFlightTests-resources.sh\"\n";
			showEnvVarsInLog = 0;
		};
		452CBCA1A71F8C9FF4144F06 /* [CP] Embed Pods Frameworks */ = {
			isa = PBXShellScriptBuildPhase;
			buildActionMask = 2147483647;
			files = (
			);
			inputPaths = (
				"${SRCROOT}/Pods/Target Support Files/Pods-TakeFlight/Pods-TakeFlight-frameworks.sh",
				"${BUILT_PRODUCTS_DIR}/Alamofire/Alamofire.framework",
				"${BUILT_PRODUCTS_DIR}/GTMSessionFetcher/GTMSessionFetcher.framework",
				"${BUILT_PRODUCTS_DIR}/GoogleToolboxForMac/GoogleToolboxForMac.framework",
				"${BUILT_PRODUCTS_DIR}/JTAppleCalendar/JTAppleCalendar.framework",
				"${BUILT_PRODUCTS_DIR}/leveldb-library/leveldb.framework",
				"${BUILT_PRODUCTS_DIR}/nanopb/nanopb.framework",
			);
			name = "[CP] Embed Pods Frameworks";
			outputPaths = (
				"${TARGET_BUILD_DIR}/${FRAMEWORKS_FOLDER_PATH}/Alamofire.framework",
				"${TARGET_BUILD_DIR}/${FRAMEWORKS_FOLDER_PATH}/GTMSessionFetcher.framework",
				"${TARGET_BUILD_DIR}/${FRAMEWORKS_FOLDER_PATH}/GoogleToolboxForMac.framework",
				"${TARGET_BUILD_DIR}/${FRAMEWORKS_FOLDER_PATH}/JTAppleCalendar.framework",
				"${TARGET_BUILD_DIR}/${FRAMEWORKS_FOLDER_PATH}/leveldb.framework",
				"${TARGET_BUILD_DIR}/${FRAMEWORKS_FOLDER_PATH}/nanopb.framework",
			);
			runOnlyForDeploymentPostprocessing = 0;
			shellPath = /bin/sh;
			shellScript = "\"${SRCROOT}/Pods/Target Support Files/Pods-TakeFlight/Pods-TakeFlight-frameworks.sh\"\n";
			showEnvVarsInLog = 0;
		};
		6B8BFB96795B3E7ABF2FA6AE /* [CP] Copy Pods Resources */ = {
			isa = PBXShellScriptBuildPhase;
			buildActionMask = 2147483647;
			files = (
			);
			inputPaths = (
			);
			name = "[CP] Copy Pods Resources";
			outputPaths = (
			);
			runOnlyForDeploymentPostprocessing = 0;
			shellPath = /bin/sh;
			shellScript = "\"${SRCROOT}/Pods/Target Support Files/Pods-TakeFlight/Pods-TakeFlight-resources.sh\"\n";
			showEnvVarsInLog = 0;
		};
		87235D88F50E2A7C15682721 /* [CP] Check Pods Manifest.lock */ = {
			isa = PBXShellScriptBuildPhase;
			buildActionMask = 2147483647;
			files = (
			);
			inputPaths = (
				"${PODS_PODFILE_DIR_PATH}/Podfile.lock",
				"${PODS_ROOT}/Manifest.lock",
			);
			name = "[CP] Check Pods Manifest.lock";
			outputPaths = (
				"$(DERIVED_FILE_DIR)/Pods-TakeFlight-checkManifestLockResult.txt",
			);
			runOnlyForDeploymentPostprocessing = 0;
			shellPath = /bin/sh;
			shellScript = "diff \"${PODS_PODFILE_DIR_PATH}/Podfile.lock\" \"${PODS_ROOT}/Manifest.lock\" > /dev/null\nif [ $? != 0 ] ; then\n    # print error to STDERR\n    echo \"error: The sandbox is not in sync with the Podfile.lock. Run 'pod install' or update your CocoaPods installation.\" >&2\n    exit 1\nfi\n# This output is used by Xcode 'outputs' to avoid re-running this script phase.\necho \"SUCCESS\" > \"${SCRIPT_OUTPUT_FILE_0}\"\n";
			showEnvVarsInLog = 0;
		};
		C1859F2A396848DB0C767B40 /* [CP] Embed Pods Frameworks */ = {
			isa = PBXShellScriptBuildPhase;
			buildActionMask = 2147483647;
			files = (
			);
			inputPaths = (
			);
			name = "[CP] Embed Pods Frameworks";
			outputPaths = (
			);
			runOnlyForDeploymentPostprocessing = 0;
			shellPath = /bin/sh;
			shellScript = "\"${SRCROOT}/Pods/Target Support Files/Pods-TakeFlightTests/Pods-TakeFlightTests-frameworks.sh\"\n";
			showEnvVarsInLog = 0;
		};
		D3726ADF61C6B511C070CC7E /* [CP] Check Pods Manifest.lock */ = {
			isa = PBXShellScriptBuildPhase;
			buildActionMask = 2147483647;
			files = (
			);
			inputPaths = (
				"${PODS_PODFILE_DIR_PATH}/Podfile.lock",
				"${PODS_ROOT}/Manifest.lock",
			);
			name = "[CP] Check Pods Manifest.lock";
			outputPaths = (
				"$(DERIVED_FILE_DIR)/Pods-TakeFlightUITests-checkManifestLockResult.txt",
			);
			runOnlyForDeploymentPostprocessing = 0;
			shellPath = /bin/sh;
			shellScript = "diff \"${PODS_PODFILE_DIR_PATH}/Podfile.lock\" \"${PODS_ROOT}/Manifest.lock\" > /dev/null\nif [ $? != 0 ] ; then\n    # print error to STDERR\n    echo \"error: The sandbox is not in sync with the Podfile.lock. Run 'pod install' or update your CocoaPods installation.\" >&2\n    exit 1\nfi\n# This output is used by Xcode 'outputs' to avoid re-running this script phase.\necho \"SUCCESS\" > \"${SCRIPT_OUTPUT_FILE_0}\"\n";
			showEnvVarsInLog = 0;
		};
		D8F2E3D32DB96F04C6A5B536 /* [CP] Embed Pods Frameworks */ = {
			isa = PBXShellScriptBuildPhase;
			buildActionMask = 2147483647;
			files = (
			);
			inputPaths = (
			);
			name = "[CP] Embed Pods Frameworks";
			outputPaths = (
			);
			runOnlyForDeploymentPostprocessing = 0;
			shellPath = /bin/sh;
			shellScript = "\"${SRCROOT}/Pods/Target Support Files/Pods-TakeFlightUITests/Pods-TakeFlightUITests-frameworks.sh\"\n";
			showEnvVarsInLog = 0;
		};
		DDB513419B314D0AA20B19F8 /* [CP] Check Pods Manifest.lock */ = {
			isa = PBXShellScriptBuildPhase;
			buildActionMask = 2147483647;
			files = (
			);
			inputPaths = (
				"${PODS_PODFILE_DIR_PATH}/Podfile.lock",
				"${PODS_ROOT}/Manifest.lock",
			);
			name = "[CP] Check Pods Manifest.lock";
			outputPaths = (
				"$(DERIVED_FILE_DIR)/Pods-TakeFlightTests-checkManifestLockResult.txt",
			);
			runOnlyForDeploymentPostprocessing = 0;
			shellPath = /bin/sh;
			shellScript = "diff \"${PODS_PODFILE_DIR_PATH}/Podfile.lock\" \"${PODS_ROOT}/Manifest.lock\" > /dev/null\nif [ $? != 0 ] ; then\n    # print error to STDERR\n    echo \"error: The sandbox is not in sync with the Podfile.lock. Run 'pod install' or update your CocoaPods installation.\" >&2\n    exit 1\nfi\n# This output is used by Xcode 'outputs' to avoid re-running this script phase.\necho \"SUCCESS\" > \"${SCRIPT_OUTPUT_FILE_0}\"\n";
			showEnvVarsInLog = 0;
		};
/* End PBXShellScriptBuildPhase section */

/* Begin PBXSourcesBuildPhase section */
		CAEC73A21F813C29004D6F0B /* Sources */ = {
			isa = PBXSourcesBuildPhase;
			buildActionMask = 2147483647;
			files = (
				CAEDB6A61FCCCD450041878F /* FlightCardView.swift in Sources */,
				CA5B59901FE85C1500B08A9D /* TicketScrollView.swift in Sources */,
				CA5B598C1FE83BE800B08A9D /* ProfileImageView.swift in Sources */,
				CA55C0F51FE99F2D008990C8 /* LoggedInStatusViewDelegate.swift in Sources */,
				CA55C0F31FE99965008990C8 /* LoggedInStatusView.swift in Sources */,
				CAF371501FA2426E002C3455 /* DatePickerVCDelegate.swift in Sources */,
				CA18454D1FD86D3B003B56C6 /* CGFloat+Lerp.swift in Sources */,
				CAEDB6A41FCCB7CC0041878F /* UITableView+TopCell.swift in Sources */,
				CA8A2D1C1FAE498F00C8D5E0 /* OneWayFlightDataCell.swift in Sources */,
				CAEC73EA1F8184D8004D6F0B /* QPXExpress.swift in Sources */,
				CAEC73AC1F813C29004D6F0B /* SearchVC.swift in Sources */,
				CAF35CB41FE1F4850074B60B /* TakeoffLoadingView.swift in Sources */,
				CA27EDA41FBD1F18005AC65B /* InstaFlightResponse.swift in Sources */,
				CAAF0CDD1FCE3F120089BF74 /* QPXExpress+Request.swift in Sources */,
				CA3290171F9D2E650083EED7 /* MonthSectionHeaderView.swift in Sources */,
				CA29AA1B1F9D6A5E0047B2F1 /* SearchVCDelegate.swift in Sources */,
				CA5B59921FE8608100B08A9D /* TicketView.swift in Sources */,
				CAA0C71A1FABE77B00FAFD69 /* DateRange.swift in Sources */,
				CAEC73E61F81638F004D6F0B /* FlightData.swift in Sources */,
				CA55C0FB1FE9C985008990C8 /* SignupVC.swift in Sources */,
				CA32901B1F9D5B650083EED7 /* Date+Strings.swift in Sources */,
				CAD6FC291FE19B7300691A8B /* TimelineView.swift in Sources */,
				CA85590D1FE747EA00E72913 /* ProfileVC.swift in Sources */,
				CAF35CB61FE22EBA0074B60B /* TakeoffLoadingViewDelegate.swift in Sources */,
				CAFF4A311FD2452F0036083C /* String+AlphanumericCharacters.swift in Sources */,
				CAEC73E01F8144D1004D6F0B /* RoundTripFlightDataCell.swift in Sources */,
				CAEC73E81F816BF1004D6F0B /* FlightDataService.swift in Sources */,
				CAA19A111FA3D1CA00A479A8 /* AirportPickerVCDelegate.swift in Sources */,
				CA27EDA61FBD218D005AC65B /* IFLink.swift in Sources */,
				CAAD01FD1FD0E23A00E76B88 /* NetworkManager.swift in Sources */,
				CA53248A1FD8BF67002ABBC3 /* PillButton.swift in Sources */,
				CA85590B1FE747D800E72913 /* ExploreVC.swift in Sources */,
				CAAF0CDB1FCE1F6A0089BF74 /* QPXExpress+Response.swift in Sources */,
				CAF3714E1FA232EE002C3455 /* SelectedState.swift in Sources */,
				CAA19A0A1FA3BDD800A479A8 /* AirportPickerVC.swift in Sources */,
				CAEC73AA1F813C29004D6F0B /* AppDelegate.swift in Sources */,
				CA6655F51FDF4E5E00918502 /* LineView.swift in Sources */,
				CAEDB6A81FCCD4900041878F /* SelectedDateView.swift in Sources */,
				CA9B28631FCF71C700AACF29 /* FlightSegment.swift in Sources */,
				CA7C3A201FBA42FF00E4CD40 /* FlightDetailsVC.swift in Sources */,
				CA825CD81F93A8BB006871B2 /* DatePickerVC.swift in Sources */,
				CA55C0F91FE9C974008990C8 /* LoginVC.swift in Sources */,
				CAA19A0E1FA3C08000A479A8 /* AirportPickerCell.swift in Sources */,
				CA825CDD1F93BFBF006871B2 /* FirebaseDataService.swift in Sources */,
				CA5328231FE7571D00867E35 /* FlightDataTableViewHeaderView.swift in Sources */,
				CA9B20831FD5F4990008447C /* FlightDataCell.swift in Sources */,
				CA55C0F01FE99163008990C8 /* OutlineButton.swift in Sources */,
				CA18454B1FD8667E003B56C6 /* TooltipView.swift in Sources */,
				CA8923D21F93F5F50091968B /* Airport.swift in Sources */,
				CA27ED9E1FBD1885005AC65B /* InstaFlightRequest.swift in Sources */,
				CAD1A0321FE318C50052E16A /* IconAndLabelView.swift in Sources */,
				CAEC73E41F814F2E004D6F0B /* Constants.swift in Sources */,
				CA18454F1FD89AAD003B56C6 /* DateAndTimeZone.swift in Sources */,
				CA8A2D1F1FAE4CA700C8D5E0 /* SearchType.swift in Sources */,
				CA825CDA1F93A954006871B2 /* DatePickerCell.swift in Sources */,
				CA5B598E1FE85A3400B08A9D /* MyFlightsView.swift in Sources */,
				CABA2C5C1FA3E5F9001D9743 /* UserDataService.swift in Sources */,
			);
			runOnlyForDeploymentPostprocessing = 0;
		};
		CAEC73B61F813C29004D6F0B /* Sources */ = {
			isa = PBXSourcesBuildPhase;
			buildActionMask = 2147483647;
			files = (
				CAEC73BF1F813C29004D6F0B /* TakeFlightTests.swift in Sources */,
			);
			runOnlyForDeploymentPostprocessing = 0;
		};
		CAEC73C11F813C2A004D6F0B /* Sources */ = {
			isa = PBXSourcesBuildPhase;
			buildActionMask = 2147483647;
			files = (
				CAEC73CA1F813C2A004D6F0B /* TakeFlightUITests.swift in Sources */,
			);
			runOnlyForDeploymentPostprocessing = 0;
		};
/* End PBXSourcesBuildPhase section */

/* Begin PBXTargetDependency section */
		CAEC73BC1F813C29004D6F0B /* PBXTargetDependency */ = {
			isa = PBXTargetDependency;
			target = CAEC73A51F813C29004D6F0B /* TakeFlight */;
			targetProxy = CAEC73BB1F813C29004D6F0B /* PBXContainerItemProxy */;
		};
		CAEC73C71F813C2A004D6F0B /* PBXTargetDependency */ = {
			isa = PBXTargetDependency;
			target = CAEC73A51F813C29004D6F0B /* TakeFlight */;
			targetProxy = CAEC73C61F813C2A004D6F0B /* PBXContainerItemProxy */;
		};
/* End PBXTargetDependency section */

/* Begin PBXVariantGroup section */
		CAEC73AD1F813C29004D6F0B /* Main.storyboard */ = {
			isa = PBXVariantGroup;
			children = (
				CAEC73AE1F813C29004D6F0B /* Base */,
			);
			name = Main.storyboard;
			sourceTree = "<group>";
		};
		CAEC73B21F813C29004D6F0B /* LaunchScreen.storyboard */ = {
			isa = PBXVariantGroup;
			children = (
				CAEC73B31F813C29004D6F0B /* Base */,
			);
			name = LaunchScreen.storyboard;
			sourceTree = "<group>";
		};
/* End PBXVariantGroup section */

/* Begin XCBuildConfiguration section */
		CAEC73CC1F813C2A004D6F0B /* Debug */ = {
			isa = XCBuildConfiguration;
			buildSettings = {
				ALWAYS_SEARCH_USER_PATHS = NO;
				CLANG_ANALYZER_NONNULL = YES;
				CLANG_ANALYZER_NUMBER_OBJECT_CONVERSION = YES_AGGRESSIVE;
				CLANG_CXX_LANGUAGE_STANDARD = "gnu++14";
				CLANG_CXX_LIBRARY = "libc++";
				CLANG_ENABLE_MODULES = YES;
				CLANG_ENABLE_OBJC_ARC = YES;
				CLANG_WARN_BLOCK_CAPTURE_AUTORELEASING = YES;
				CLANG_WARN_BOOL_CONVERSION = YES;
				CLANG_WARN_COMMA = YES;
				CLANG_WARN_CONSTANT_CONVERSION = YES;
				CLANG_WARN_DIRECT_OBJC_ISA_USAGE = YES_ERROR;
				CLANG_WARN_DOCUMENTATION_COMMENTS = YES;
				CLANG_WARN_EMPTY_BODY = YES;
				CLANG_WARN_ENUM_CONVERSION = YES;
				CLANG_WARN_INFINITE_RECURSION = YES;
				CLANG_WARN_INT_CONVERSION = YES;
				CLANG_WARN_NON_LITERAL_NULL_CONVERSION = YES;
				CLANG_WARN_OBJC_LITERAL_CONVERSION = YES;
				CLANG_WARN_OBJC_ROOT_CLASS = YES_ERROR;
				CLANG_WARN_RANGE_LOOP_ANALYSIS = YES;
				CLANG_WARN_STRICT_PROTOTYPES = YES;
				CLANG_WARN_SUSPICIOUS_MOVE = YES;
				CLANG_WARN_UNGUARDED_AVAILABILITY = YES_AGGRESSIVE;
				CLANG_WARN_UNREACHABLE_CODE = YES;
				CLANG_WARN__DUPLICATE_METHOD_MATCH = YES;
				CODE_SIGN_IDENTITY = "iPhone Developer";
				COPY_PHASE_STRIP = NO;
				DEBUG_INFORMATION_FORMAT = dwarf;
				ENABLE_STRICT_OBJC_MSGSEND = YES;
				ENABLE_TESTABILITY = YES;
				GCC_C_LANGUAGE_STANDARD = gnu11;
				GCC_DYNAMIC_NO_PIC = NO;
				GCC_NO_COMMON_BLOCKS = YES;
				GCC_OPTIMIZATION_LEVEL = 0;
				GCC_PREPROCESSOR_DEFINITIONS = (
					"DEBUG=1",
					"$(inherited)",
				);
				GCC_WARN_64_TO_32_BIT_CONVERSION = YES;
				GCC_WARN_ABOUT_RETURN_TYPE = YES_ERROR;
				GCC_WARN_UNDECLARED_SELECTOR = YES;
				GCC_WARN_UNINITIALIZED_AUTOS = YES_AGGRESSIVE;
				GCC_WARN_UNUSED_FUNCTION = YES;
				GCC_WARN_UNUSED_VARIABLE = YES;
				IPHONEOS_DEPLOYMENT_TARGET = 11.0;
				MTL_ENABLE_DEBUG_INFO = YES;
				ONLY_ACTIVE_ARCH = YES;
				SDKROOT = iphoneos;
				SWIFT_ACTIVE_COMPILATION_CONDITIONS = DEBUG;
				SWIFT_OPTIMIZATION_LEVEL = "-Onone";
			};
			name = Debug;
		};
		CAEC73CD1F813C2A004D6F0B /* Release */ = {
			isa = XCBuildConfiguration;
			buildSettings = {
				ALWAYS_SEARCH_USER_PATHS = NO;
				CLANG_ANALYZER_NONNULL = YES;
				CLANG_ANALYZER_NUMBER_OBJECT_CONVERSION = YES_AGGRESSIVE;
				CLANG_CXX_LANGUAGE_STANDARD = "gnu++14";
				CLANG_CXX_LIBRARY = "libc++";
				CLANG_ENABLE_MODULES = YES;
				CLANG_ENABLE_OBJC_ARC = YES;
				CLANG_WARN_BLOCK_CAPTURE_AUTORELEASING = YES;
				CLANG_WARN_BOOL_CONVERSION = YES;
				CLANG_WARN_COMMA = YES;
				CLANG_WARN_CONSTANT_CONVERSION = YES;
				CLANG_WARN_DIRECT_OBJC_ISA_USAGE = YES_ERROR;
				CLANG_WARN_DOCUMENTATION_COMMENTS = YES;
				CLANG_WARN_EMPTY_BODY = YES;
				CLANG_WARN_ENUM_CONVERSION = YES;
				CLANG_WARN_INFINITE_RECURSION = YES;
				CLANG_WARN_INT_CONVERSION = YES;
				CLANG_WARN_NON_LITERAL_NULL_CONVERSION = YES;
				CLANG_WARN_OBJC_LITERAL_CONVERSION = YES;
				CLANG_WARN_OBJC_ROOT_CLASS = YES_ERROR;
				CLANG_WARN_RANGE_LOOP_ANALYSIS = YES;
				CLANG_WARN_STRICT_PROTOTYPES = YES;
				CLANG_WARN_SUSPICIOUS_MOVE = YES;
				CLANG_WARN_UNGUARDED_AVAILABILITY = YES_AGGRESSIVE;
				CLANG_WARN_UNREACHABLE_CODE = YES;
				CLANG_WARN__DUPLICATE_METHOD_MATCH = YES;
				CODE_SIGN_IDENTITY = "iPhone Developer";
				COPY_PHASE_STRIP = NO;
				DEBUG_INFORMATION_FORMAT = "dwarf-with-dsym";
				ENABLE_NS_ASSERTIONS = NO;
				ENABLE_STRICT_OBJC_MSGSEND = YES;
				GCC_C_LANGUAGE_STANDARD = gnu11;
				GCC_NO_COMMON_BLOCKS = YES;
				GCC_WARN_64_TO_32_BIT_CONVERSION = YES;
				GCC_WARN_ABOUT_RETURN_TYPE = YES_ERROR;
				GCC_WARN_UNDECLARED_SELECTOR = YES;
				GCC_WARN_UNINITIALIZED_AUTOS = YES_AGGRESSIVE;
				GCC_WARN_UNUSED_FUNCTION = YES;
				GCC_WARN_UNUSED_VARIABLE = YES;
				IPHONEOS_DEPLOYMENT_TARGET = 11.0;
				MTL_ENABLE_DEBUG_INFO = NO;
				SDKROOT = iphoneos;
				SWIFT_OPTIMIZATION_LEVEL = "-Owholemodule";
				VALIDATE_PRODUCT = YES;
			};
			name = Release;
		};
		CAEC73CF1F813C2A004D6F0B /* Debug */ = {
			isa = XCBuildConfiguration;
			baseConfigurationReference = C666A505AC3EF78917DB19DD /* Pods-TakeFlight.debug.xcconfig */;
			buildSettings = {
				ASSETCATALOG_COMPILER_APPICON_NAME = AppIcon;
				CODE_SIGN_STYLE = Automatic;
				DEVELOPMENT_TEAM = LCHZAHJK5X;
				INFOPLIST_FILE = TakeFlight/Info.plist;
				LD_RUNPATH_SEARCH_PATHS = "$(inherited) @executable_path/Frameworks";
				PRODUCT_BUNDLE_IDENTIFIER = com.JustinErickson.TakeFlight;
				PRODUCT_NAME = "$(TARGET_NAME)";
				SWIFT_VERSION = 4.0;
				TARGETED_DEVICE_FAMILY = "1,2";
			};
			name = Debug;
		};
		CAEC73D01F813C2A004D6F0B /* Release */ = {
			isa = XCBuildConfiguration;
			baseConfigurationReference = 0BB3C6BD0EDA8CBE0B1EB85E /* Pods-TakeFlight.release.xcconfig */;
			buildSettings = {
				ASSETCATALOG_COMPILER_APPICON_NAME = AppIcon;
				CODE_SIGN_STYLE = Automatic;
				DEVELOPMENT_TEAM = LCHZAHJK5X;
				INFOPLIST_FILE = TakeFlight/Info.plist;
				LD_RUNPATH_SEARCH_PATHS = "$(inherited) @executable_path/Frameworks";
				PRODUCT_BUNDLE_IDENTIFIER = com.JustinErickson.TakeFlight;
				PRODUCT_NAME = "$(TARGET_NAME)";
				SWIFT_VERSION = 4.0;
				TARGETED_DEVICE_FAMILY = "1,2";
			};
			name = Release;
		};
		CAEC73D21F813C2A004D6F0B /* Debug */ = {
			isa = XCBuildConfiguration;
			baseConfigurationReference = DF2F772D35F090085677C96D /* Pods-TakeFlightTests.debug.xcconfig */;
			buildSettings = {
				ALWAYS_EMBED_SWIFT_STANDARD_LIBRARIES = YES;
				BUNDLE_LOADER = "$(TEST_HOST)";
				CODE_SIGN_STYLE = Automatic;
				DEVELOPMENT_TEAM = LCHZAHJK5X;
				INFOPLIST_FILE = TakeFlightTests/Info.plist;
				LD_RUNPATH_SEARCH_PATHS = "$(inherited) @executable_path/Frameworks @loader_path/Frameworks";
				PRODUCT_BUNDLE_IDENTIFIER = com.JustinErickson.TakeFlightTests;
				PRODUCT_NAME = "$(TARGET_NAME)";
				SWIFT_VERSION = 4.0;
				TARGETED_DEVICE_FAMILY = "1,2";
				TEST_HOST = "$(BUILT_PRODUCTS_DIR)/TakeFlight.app/TakeFlight";
			};
			name = Debug;
		};
		CAEC73D31F813C2A004D6F0B /* Release */ = {
			isa = XCBuildConfiguration;
			baseConfigurationReference = ED00AF93923CA2A0C7663431 /* Pods-TakeFlightTests.release.xcconfig */;
			buildSettings = {
				ALWAYS_EMBED_SWIFT_STANDARD_LIBRARIES = YES;
				BUNDLE_LOADER = "$(TEST_HOST)";
				CODE_SIGN_STYLE = Automatic;
				DEVELOPMENT_TEAM = LCHZAHJK5X;
				INFOPLIST_FILE = TakeFlightTests/Info.plist;
				LD_RUNPATH_SEARCH_PATHS = "$(inherited) @executable_path/Frameworks @loader_path/Frameworks";
				PRODUCT_BUNDLE_IDENTIFIER = com.JustinErickson.TakeFlightTests;
				PRODUCT_NAME = "$(TARGET_NAME)";
				SWIFT_VERSION = 4.0;
				TARGETED_DEVICE_FAMILY = "1,2";
				TEST_HOST = "$(BUILT_PRODUCTS_DIR)/TakeFlight.app/TakeFlight";
			};
			name = Release;
		};
		CAEC73D51F813C2A004D6F0B /* Debug */ = {
			isa = XCBuildConfiguration;
			baseConfigurationReference = 6E94613DCC3BC4E4E9593681 /* Pods-TakeFlightUITests.debug.xcconfig */;
			buildSettings = {
				ALWAYS_EMBED_SWIFT_STANDARD_LIBRARIES = YES;
				CODE_SIGN_STYLE = Automatic;
				DEVELOPMENT_TEAM = LCHZAHJK5X;
				INFOPLIST_FILE = TakeFlightUITests/Info.plist;
				LD_RUNPATH_SEARCH_PATHS = "$(inherited) @executable_path/Frameworks @loader_path/Frameworks";
				PRODUCT_BUNDLE_IDENTIFIER = com.JustinErickson.TakeFlightUITests;
				PRODUCT_NAME = "$(TARGET_NAME)";
				SWIFT_VERSION = 4.0;
				TARGETED_DEVICE_FAMILY = "1,2";
				TEST_TARGET_NAME = TakeFlight;
			};
			name = Debug;
		};
		CAEC73D61F813C2A004D6F0B /* Release */ = {
			isa = XCBuildConfiguration;
			baseConfigurationReference = 1216A1173FF11D75DCF902DC /* Pods-TakeFlightUITests.release.xcconfig */;
			buildSettings = {
				ALWAYS_EMBED_SWIFT_STANDARD_LIBRARIES = YES;
				CODE_SIGN_STYLE = Automatic;
				DEVELOPMENT_TEAM = LCHZAHJK5X;
				INFOPLIST_FILE = TakeFlightUITests/Info.plist;
				LD_RUNPATH_SEARCH_PATHS = "$(inherited) @executable_path/Frameworks @loader_path/Frameworks";
				PRODUCT_BUNDLE_IDENTIFIER = com.JustinErickson.TakeFlightUITests;
				PRODUCT_NAME = "$(TARGET_NAME)";
				SWIFT_VERSION = 4.0;
				TARGETED_DEVICE_FAMILY = "1,2";
				TEST_TARGET_NAME = TakeFlight;
			};
			name = Release;
		};
/* End XCBuildConfiguration section */

/* Begin XCConfigurationList section */
		CAEC73A11F813C29004D6F0B /* Build configuration list for PBXProject "TakeFlight" */ = {
			isa = XCConfigurationList;
			buildConfigurations = (
				CAEC73CC1F813C2A004D6F0B /* Debug */,
				CAEC73CD1F813C2A004D6F0B /* Release */,
			);
			defaultConfigurationIsVisible = 0;
			defaultConfigurationName = Release;
		};
		CAEC73CE1F813C2A004D6F0B /* Build configuration list for PBXNativeTarget "TakeFlight" */ = {
			isa = XCConfigurationList;
			buildConfigurations = (
				CAEC73CF1F813C2A004D6F0B /* Debug */,
				CAEC73D01F813C2A004D6F0B /* Release */,
			);
			defaultConfigurationIsVisible = 0;
			defaultConfigurationName = Release;
		};
		CAEC73D11F813C2A004D6F0B /* Build configuration list for PBXNativeTarget "TakeFlightTests" */ = {
			isa = XCConfigurationList;
			buildConfigurations = (
				CAEC73D21F813C2A004D6F0B /* Debug */,
				CAEC73D31F813C2A004D6F0B /* Release */,
			);
			defaultConfigurationIsVisible = 0;
			defaultConfigurationName = Release;
		};
		CAEC73D41F813C2A004D6F0B /* Build configuration list for PBXNativeTarget "TakeFlightUITests" */ = {
			isa = XCConfigurationList;
			buildConfigurations = (
				CAEC73D51F813C2A004D6F0B /* Debug */,
				CAEC73D61F813C2A004D6F0B /* Release */,
			);
			defaultConfigurationIsVisible = 0;
			defaultConfigurationName = Release;
		};
/* End XCConfigurationList section */
	};
	rootObject = CAEC739E1F813C29004D6F0B /* Project object */;
}
